// !$*UTF8*$!
{
	archiveVersion = 1;
	classes = {
	};
	objectVersion = 51;
	objects = {

/* Begin PBXBuildFile section */
		01E075A0F53DF3D21EB4AD07 /* ASN1Kit.framework in Frameworks */ = {isa = PBXBuildFile; fileRef = 45CE014CFF6429D48A175212 /* ASN1Kit.framework */; };
		020CA8740C4A4968E0F233E8 /* HealthCardType+ReadFile.swift in Sources */ = {isa = PBXBuildFile; fileRef = 2954AB302E9838D0B37FA521 /* HealthCardType+ReadFile.swift */; };
		0383360A6BD84CA96B8D4E64 /* EcdhKeyPairGenerator.swift in Sources */ = {isa = PBXBuildFile; fileRef = DD2DBAC4CE1A30E80C335416 /* EcdhKeyPairGenerator.swift */; };
		065A6D8F88977A64507E6486 /* CardType+SecureMessaging.swift in Sources */ = {isa = PBXBuildFile; fileRef = DB71ACFB4C0E3D6BA3949FE4 /* CardType+SecureMessaging.swift */; };
		069FE8749F03CD794E03F098 /* CardReaderAccess.framework in Embed Frameworks */ = {isa = PBXBuildFile; fileRef = B2B14A0AF0B7AC5E19C371D9 /* CardReaderAccess.framework */; settings = {ATTRIBUTES = (CodeSignOnCopy, RemoveHeadersOnCopy, ); }; };
		0734059F050842AF80A91FBC /* Nimble.framework in Frameworks */ = {isa = PBXBuildFile; fileRef = 6B6E2886E01B24D67EE309B8 /* Nimble.framework */; };
		0A823C0A48197D19DA8CA3A0 /* KeyDerivationFunctionTest.swift in Sources */ = {isa = PBXBuildFile; fileRef = 9E38BC0BAEE072BD48FAD15C /* KeyDerivationFunctionTest.swift */; };
		0D5F5189E241A90F2DCA8DC4 /* AES128PaceKeyTest.swift in Sources */ = {isa = PBXBuildFile; fileRef = EB03C3EC7663607291EBCB74 /* AES128PaceKeyTest.swift */; };
		0F047E245CE35C581E190A45 /* EllipticCurve.swift in Sources */ = {isa = PBXBuildFile; fileRef = BC8C4B81C3CF6F5B0C547CFA /* EllipticCurve.swift */; };
		10CE53C3526988087DE1B97E /* BigInt.framework in Embed Frameworks */ = {isa = PBXBuildFile; fileRef = 6521A4F84E1186293EF978E7 /* BigInt.framework */; settings = {ATTRIBUTES = (CodeSignOnCopy, RemoveHeadersOnCopy, ); }; };
		15C7129ACCBF8F6EF474BAD6 /* CardReaderProviderApi.framework in Embed Frameworks */ = {isa = PBXBuildFile; fileRef = 7C6759349C4ADA031E893652 /* CardReaderProviderApi.framework */; settings = {ATTRIBUTES = (CodeSignOnCopy, RemoveHeadersOnCopy, ); }; };
		15FEEF1F82C648D35C490EC8 /* ECPointTest.swift in Sources */ = {isa = PBXBuildFile; fileRef = 69AA0E0B9005E756C68FD497 /* ECPointTest.swift */; };
		171CB46690C1AA1702364DF8 /* EcdhKeyPairGeneratorTest.swift in Sources */ = {isa = PBXBuildFile; fileRef = FACD65D9B13C413FB6291A7A /* EcdhKeyPairGeneratorTest.swift */; };
		1C253B430D919C44B1620648 /* HealthCardAccessKit.framework in Embed Frameworks */ = {isa = PBXBuildFile; fileRef = BDFDBE5DF38F65A902F32B82 /* HealthCardAccessKit.framework */; settings = {ATTRIBUTES = (CodeSignOnCopy, RemoveHeadersOnCopy, ); }; };
		1C45333EB475566349CCA1D3 /* XCTestManifests.swift in Sources */ = {isa = PBXBuildFile; fileRef = C1BF48C5B615CBD2D729E25B /* XCTestManifests.swift */; };
		2069576D5E61CE5A396D6D83 /* HealthCardControlKit.framework in Frameworks */ = {isa = PBXBuildFile; fileRef = DC09AE02146F93FBF52B2A2A /* HealthCardControlKit.framework */; };
		2A8069DA067DD8AC22CF03B2 /* HealthCardAccessKit.framework in Embed Frameworks */ = {isa = PBXBuildFile; fileRef = 828CC75F179F87A8E3A102DF /* HealthCardAccessKit.framework */; settings = {ATTRIBUTES = (CodeSignOnCopy, RemoveHeadersOnCopy, ); }; };
		31EEABACAA62ED69D3DDCB8E /* BigInt.framework in Embed Frameworks */ = {isa = PBXBuildFile; fileRef = E9670887B1E61223E22651B0 /* BigInt.framework */; settings = {ATTRIBUTES = (CodeSignOnCopy, RemoveHeadersOnCopy, ); }; };
		336D60C8EF05E242246B5C85 /* SecureCardChannel.swift in Sources */ = {isa = PBXBuildFile; fileRef = E042618BD95FF410C10D943E /* SecureCardChannel.swift */; };
		372D47DE69BD9940D3EB127B /* DataKit.framework in Embed Frameworks */ = {isa = PBXBuildFile; fileRef = C81ADBCA1359549848E514D1 /* DataKit.framework */; settings = {ATTRIBUTES = (CodeSignOnCopy, RemoveHeadersOnCopy, ); }; };
		3BFB349B29EBB5DBC8A15C8E /* Data+Secure.swift in Sources */ = {isa = PBXBuildFile; fileRef = 2382418E7EFF34EBF5CEBCA6 /* Data+Secure.swift */; };
		3CA978578AEB48B96CA2BFBB /* GemCommonsKit.framework in Frameworks */ = {isa = PBXBuildFile; fileRef = 3F91E9888715C7FDD52EBDA8 /* GemCommonsKit.framework */; };
		3E694FB91606857E77A07EA2 /* EcdhKeyPairGeneratorTest.swift in Sources */ = {isa = PBXBuildFile; fileRef = FACD65D9B13C413FB6291A7A /* EcdhKeyPairGeneratorTest.swift */; };
		40E0EC16FFEB014B52D1FD0B /* EcdhKeyPair.swift in Sources */ = {isa = PBXBuildFile; fileRef = 39C9385A77429D6A6AE3AD9A /* EcdhKeyPair.swift */; };
		46B1A4D6894851F3FC241590 /* HealthCardType+ESIGN.swift in Sources */ = {isa = PBXBuildFile; fileRef = A936F708F0E9D87A2224F253 /* HealthCardType+ESIGN.swift */; };
		470B19FFF9F68116741EC904 /* GemCommonsKit.framework in Embed Frameworks */ = {isa = PBXBuildFile; fileRef = E4A0BACCA5BCE62FF66DF8D7 /* GemCommonsKit.framework */; settings = {ATTRIBUTES = (CodeSignOnCopy, RemoveHeadersOnCopy, ); }; };
		4B5C6C971E1F53A4D914EC04 /* GemCommonsKit.framework in Embed Frameworks */ = {isa = PBXBuildFile; fileRef = E4A0BACCA5BCE62FF66DF8D7 /* GemCommonsKit.framework */; settings = {ATTRIBUTES = (CodeSignOnCopy, RemoveHeadersOnCopy, ); }; };
		4C3533BD235C91145A5E5283 /* DataKit.framework in Embed Frameworks */ = {isa = PBXBuildFile; fileRef = 74061A0878FBBAA716AF077E /* DataKit.framework */; settings = {ATTRIBUTES = (CodeSignOnCopy, RemoveHeadersOnCopy, ); }; };
		4DB4C068E32DCB07D4EF7F95 /* BigInt.framework in Frameworks */ = {isa = PBXBuildFile; fileRef = 6521A4F84E1186293EF978E7 /* BigInt.framework */; };
		4E65D14634467E2A381788E3 /* GemCommonsKit.framework in Frameworks */ = {isa = PBXBuildFile; fileRef = E4A0BACCA5BCE62FF66DF8D7 /* GemCommonsKit.framework */; };
		522B514BCD22525EF91157E0 /* ASN1Kit.framework in Embed Frameworks */ = {isa = PBXBuildFile; fileRef = 45CE014CFF6429D48A175212 /* ASN1Kit.framework */; settings = {ATTRIBUTES = (CodeSignOnCopy, RemoveHeadersOnCopy, ); }; };
		58448ADB6FB9C8E71FEFEA73 /* SecureMessaging.swift in Sources */ = {isa = PBXBuildFile; fileRef = 49106087F7357952D6E433E4 /* SecureMessaging.swift */; };
		58EFF7A762293FCDEB0060B5 /* KeyDerivationFunction.swift in Sources */ = {isa = PBXBuildFile; fileRef = E7A6744F7562E67741A853FE /* KeyDerivationFunction.swift */; };
		58F086BB125EB1E9426E4E79 /* KeyAgreementTest.swift in Sources */ = {isa = PBXBuildFile; fileRef = 46D2EF8A38014179EA7121F0 /* KeyAgreementTest.swift */; };
		5DD0B85DC8CB9D7C37D8AE04 /* KeyDerivationFunction.swift in Sources */ = {isa = PBXBuildFile; fileRef = E7A6744F7562E67741A853FE /* KeyDerivationFunction.swift */; };
		61ECF30415BB0D013CFB90FA /* CardReaderProviderApi.framework in Frameworks */ = {isa = PBXBuildFile; fileRef = BD337F8D00F5132D2C3023DE /* CardReaderProviderApi.framework */; };
		65E5070AF6CD784ABB69B48F /* CardChannelType+Version.swift in Sources */ = {isa = PBXBuildFile; fileRef = A5AAFAA34450A3AC6769F90F /* CardChannelType+Version.swift */; };
		6B12C59A0D1220C5FA305130 /* DataKit.framework in Embed Frameworks */ = {isa = PBXBuildFile; fileRef = C81ADBCA1359549848E514D1 /* DataKit.framework */; settings = {ATTRIBUTES = (CodeSignOnCopy, RemoveHeadersOnCopy, ); }; };
		6D612E193F9ECBAFFBF71614 /* SecureHealthCard.swift in Sources */ = {isa = PBXBuildFile; fileRef = BF7308E0A8798A0DD964D498 /* SecureHealthCard.swift */; };
		6E5776A46428E2A85C87622E /* AES128PaceKeyTest.swift in Sources */ = {isa = PBXBuildFile; fileRef = EB03C3EC7663607291EBCB74 /* AES128PaceKeyTest.swift */; };
		6FF10D4C212850DC168F8479 /* HealthCardType+ReadFile.swift in Sources */ = {isa = PBXBuildFile; fileRef = 2954AB302E9838D0B37FA521 /* HealthCardType+ReadFile.swift */; };
		793DF5727ACE0C47E85A3D7F /* GemCommonsKit.framework in Embed Frameworks */ = {isa = PBXBuildFile; fileRef = 3F91E9888715C7FDD52EBDA8 /* GemCommonsKit.framework */; settings = {ATTRIBUTES = (CodeSignOnCopy, RemoveHeadersOnCopy, ); }; };
		7B17562642FD81F2BBBBBFEE /* CardReaderProviderApi.framework in Frameworks */ = {isa = PBXBuildFile; fileRef = 7C6759349C4ADA031E893652 /* CardReaderProviderApi.framework */; };
		7D3C2C69C6D7EC3DAD0A8051 /* HealthCardType+ESIGN.swift in Sources */ = {isa = PBXBuildFile; fileRef = A936F708F0E9D87A2224F253 /* HealthCardType+ESIGN.swift */; };
		7E4FD9C6917593591CBE5AFB /* KeyAgreement.swift in Sources */ = {isa = PBXBuildFile; fileRef = 0A71E16FB2813E2DA5B9E4BB /* KeyAgreement.swift */; };
		7E920E6E00E2A2F67DDB2EEB /* XCTestManifests.swift in Sources */ = {isa = PBXBuildFile; fileRef = C1BF48C5B615CBD2D729E25B /* XCTestManifests.swift */; };
		81531ED46AC64622FC72412A /* DataKit.framework in Frameworks */ = {isa = PBXBuildFile; fileRef = 74061A0878FBBAA716AF077E /* DataKit.framework */; };
		82E067F3D27167921B58E529 /* EcdhKeyPair.swift in Sources */ = {isa = PBXBuildFile; fileRef = 39C9385A77429D6A6AE3AD9A /* EcdhKeyPair.swift */; };
		870D3DF24FF882DF9D17B7F0 /* KeyDerivationFunctionTest.swift in Sources */ = {isa = PBXBuildFile; fileRef = 9E38BC0BAEE072BD48FAD15C /* KeyDerivationFunctionTest.swift */; };
		8C60D45550E00ABF5BDC1C20 /* DataSecureTest.swift in Sources */ = {isa = PBXBuildFile; fileRef = F321E709B9F61162CB390DE2 /* DataSecureTest.swift */; };
		94F4426D9C04C8BBB0C6515B /* EllipticCurve.swift in Sources */ = {isa = PBXBuildFile; fileRef = BC8C4B81C3CF6F5B0C547CFA /* EllipticCurve.swift */; };
		986DA474EAA37D3705FFB77E /* AESTests.swift in Sources */ = {isa = PBXBuildFile; fileRef = 06C0EDE9A19109F1BA230EDA /* AESTests.swift */; };
		98D3CA541FC29A7EAD923675 /* ECPoint.swift in Sources */ = {isa = PBXBuildFile; fileRef = C5DB675A8A40F5F3030F6D5F /* ECPoint.swift */; };
		99542F84BFD83DBD7F76317B /* ASN1Kit.framework in Frameworks */ = {isa = PBXBuildFile; fileRef = 9D842F8F03F006E4A77A97E8 /* ASN1Kit.framework */; };
		9A80F9438FC0B929E888247A /* CardChannelType+Version.swift in Sources */ = {isa = PBXBuildFile; fileRef = A5AAFAA34450A3AC6769F90F /* CardChannelType+Version.swift */; };
		9ED1EEF184F054E6E56D6A59 /* HealthCard+Error.swift in Sources */ = {isa = PBXBuildFile; fileRef = 2F375762572FD3C6E64AC36C /* HealthCard+Error.swift */; };
		9EFFB30B3FF623417FE24634 /* BigInt.framework in Embed Frameworks */ = {isa = PBXBuildFile; fileRef = 6521A4F84E1186293EF978E7 /* BigInt.framework */; settings = {ATTRIBUTES = (CodeSignOnCopy, RemoveHeadersOnCopy, ); }; };
		A4248A23CFC682A3E6093E65 /* SecureMessaging.swift in Sources */ = {isa = PBXBuildFile; fileRef = 49106087F7357952D6E433E4 /* SecureMessaging.swift */; };
		A7151D2FED04C5BD925B4426 /* AES128PaceKey.swift in Sources */ = {isa = PBXBuildFile; fileRef = 7A5197B13F90CF7AF445FC01 /* AES128PaceKey.swift */; };
		B0A1EC3E62C4A9B4E75877A0 /* CardType+SecureMessaging.swift in Sources */ = {isa = PBXBuildFile; fileRef = DB71ACFB4C0E3D6BA3949FE4 /* CardType+SecureMessaging.swift */; };
		B458DEDC1E5C9C313C13B8DC /* ResponseType+Bytes.swift in Sources */ = {isa = PBXBuildFile; fileRef = 6174453644E8564CE588AF54 /* ResponseType+Bytes.swift */; };
		B46CF8452C4D1D83C88F5A97 /* DataKit.framework in Embed Frameworks */ = {isa = PBXBuildFile; fileRef = 74061A0878FBBAA716AF077E /* DataKit.framework */; settings = {ATTRIBUTES = (CodeSignOnCopy, RemoveHeadersOnCopy, ); }; };
		B56FA9C788BC5AD48A265898 /* HealthCardType+VerifyPin.swift in Sources */ = {isa = PBXBuildFile; fileRef = 5E8322E79D69F58044F0DAA6 /* HealthCardType+VerifyPin.swift */; };
		B647B6766A926005DD322D07 /* Nimble.framework in Frameworks */ = {isa = PBXBuildFile; fileRef = 7EC46D0A6F5AB2DB1F9BBA50 /* Nimble.framework */; };
		B8807C303DE223FBEEB41FD1 /* ASN1Kit.framework in Embed Frameworks */ = {isa = PBXBuildFile; fileRef = 45CE014CFF6429D48A175212 /* ASN1Kit.framework */; settings = {ATTRIBUTES = (CodeSignOnCopy, RemoveHeadersOnCopy, ); }; };
		B95F7C66E0CCDBB66638AAA8 /* AESTests.swift in Sources */ = {isa = PBXBuildFile; fileRef = 06C0EDE9A19109F1BA230EDA /* AESTests.swift */; };
		BADDF076CDCA60B00E2C7710 /* SecureCardChannel.swift in Sources */ = {isa = PBXBuildFile; fileRef = E042618BD95FF410C10D943E /* SecureCardChannel.swift */; };
		BAF39C253471015636373B0F /* KeyAgreementTest.swift in Sources */ = {isa = PBXBuildFile; fileRef = 46D2EF8A38014179EA7121F0 /* KeyAgreementTest.swift */; };
		BC42C8EB46D29223761989BB /* AES128PaceKey.swift in Sources */ = {isa = PBXBuildFile; fileRef = 7A5197B13F90CF7AF445FC01 /* AES128PaceKey.swift */; };
		BD263D38269C9DF178C2F303 /* KeyAgreement.swift in Sources */ = {isa = PBXBuildFile; fileRef = 0A71E16FB2813E2DA5B9E4BB /* KeyAgreement.swift */; };
		BF2BDD06A6866CBA85CF912F /* HealthCardControlKit.framework in Embed Frameworks */ = {isa = PBXBuildFile; fileRef = DC09AE02146F93FBF52B2A2A /* HealthCardControlKit.framework */; settings = {ATTRIBUTES = (CodeSignOnCopy, RemoveHeadersOnCopy, ); }; };
		BF96F2054DF13CDC6D8F971F /* BigInt.framework in Embed Frameworks */ = {isa = PBXBuildFile; fileRef = E9670887B1E61223E22651B0 /* BigInt.framework */; settings = {ATTRIBUTES = (CodeSignOnCopy, RemoveHeadersOnCopy, ); }; };
		C63A242D871C821B2D5939C5 /* DataSecureTest.swift in Sources */ = {isa = PBXBuildFile; fileRef = F321E709B9F61162CB390DE2 /* DataSecureTest.swift */; };
		CB3D07DCDCC908875263CEF4 /* SecureHealthCard.swift in Sources */ = {isa = PBXBuildFile; fileRef = BF7308E0A8798A0DD964D498 /* SecureHealthCard.swift */; };
		CC1155A717CF5075D99F0115 /* BigInt.framework in Frameworks */ = {isa = PBXBuildFile; fileRef = E9670887B1E61223E22651B0 /* BigInt.framework */; };
		CD9EF6D87438AFB23FB381B1 /* CardReaderAccess.framework in Frameworks */ = {isa = PBXBuildFile; fileRef = 4DCCDDE8E4D0CFBA21C914A3 /* CardReaderAccess.framework */; };
		CEDA2A18772AFB66630D8452 /* HealthCardType+EfCardAccess.swift in Sources */ = {isa = PBXBuildFile; fileRef = B10A4B14BBC5552A522BBAB1 /* HealthCardType+EfCardAccess.swift */; };
		CF6C5018A4ED81327AC5A573 /* AES.swift in Sources */ = {isa = PBXBuildFile; fileRef = 6A96204530EE3C10EE430F0C /* AES.swift */; };
		D01064DA2828BE44A6345CAC /* HealthCardControlKit.framework in Embed Frameworks */ = {isa = PBXBuildFile; fileRef = E685F86D48314A60B0354879 /* HealthCardControlKit.framework */; settings = {ATTRIBUTES = (CodeSignOnCopy, RemoveHeadersOnCopy, ); }; };
		D04037002F9DD0B476616F02 /* HealthCardType+EfCardAccess.swift in Sources */ = {isa = PBXBuildFile; fileRef = B10A4B14BBC5552A522BBAB1 /* HealthCardType+EfCardAccess.swift */; };
		D07022981D6CBC7681ED455F /* HealthCardType+VerifyPin.swift in Sources */ = {isa = PBXBuildFile; fileRef = 5E8322E79D69F58044F0DAA6 /* HealthCardType+VerifyPin.swift */; };
		D57FB164C1D5BB4696F7906A /* GemCommonsKit.framework in Embed Frameworks */ = {isa = PBXBuildFile; fileRef = 3F91E9888715C7FDD52EBDA8 /* GemCommonsKit.framework */; settings = {ATTRIBUTES = (CodeSignOnCopy, RemoveHeadersOnCopy, ); }; };
		D93F69E3F2DB72727B23C7BC /* CardReaderAccess.framework in Embed Frameworks */ = {isa = PBXBuildFile; fileRef = 4DCCDDE8E4D0CFBA21C914A3 /* CardReaderAccess.framework */; settings = {ATTRIBUTES = (CodeSignOnCopy, RemoveHeadersOnCopy, ); }; };
		DA48FC3596C3A9FFF0FE28F2 /* EllipticCurveTest.swift in Sources */ = {isa = PBXBuildFile; fileRef = BA406E47654F26DB73D38294 /* EllipticCurveTest.swift */; };
		DA803A3AD8FE5663EB3C0635 /* HealthCard+Error.swift in Sources */ = {isa = PBXBuildFile; fileRef = 2F375762572FD3C6E64AC36C /* HealthCard+Error.swift */; };
		DAA338988C7420C92E9C24FA /* ASN1Kit.framework in Embed Frameworks */ = {isa = PBXBuildFile; fileRef = 9D842F8F03F006E4A77A97E8 /* ASN1Kit.framework */; settings = {ATTRIBUTES = (CodeSignOnCopy, RemoveHeadersOnCopy, ); }; };
		DB6637978A79200BDA0A7EB4 /* Data+Secure.swift in Sources */ = {isa = PBXBuildFile; fileRef = 2382418E7EFF34EBF5CEBCA6 /* Data+Secure.swift */; };
		DDABBB331BBD31B21691B17B /* ResponseType+Bytes.swift in Sources */ = {isa = PBXBuildFile; fileRef = 6174453644E8564CE588AF54 /* ResponseType+Bytes.swift */; };
		DE961FEFF0AEB1E9E32BDCDE /* HealthCardAccessKit.framework in Frameworks */ = {isa = PBXBuildFile; fileRef = 828CC75F179F87A8E3A102DF /* HealthCardAccessKit.framework */; };
		E129DC7BB285DC5FE736F0F2 /* CardReaderAccess.framework in Frameworks */ = {isa = PBXBuildFile; fileRef = B2B14A0AF0B7AC5E19C371D9 /* CardReaderAccess.framework */; };
		E199E9D3B74F55CA7F312D87 /* EcdhKeyPairGenerator.swift in Sources */ = {isa = PBXBuildFile; fileRef = DD2DBAC4CE1A30E80C335416 /* EcdhKeyPairGenerator.swift */; };
		E3D91326788CDED4E6C754B4 /* ASN1Kit.framework in Embed Frameworks */ = {isa = PBXBuildFile; fileRef = 9D842F8F03F006E4A77A97E8 /* ASN1Kit.framework */; settings = {ATTRIBUTES = (CodeSignOnCopy, RemoveHeadersOnCopy, ); }; };
		E877B06C23656D078C386D0A /* DataKit.framework in Frameworks */ = {isa = PBXBuildFile; fileRef = C81ADBCA1359549848E514D1 /* DataKit.framework */; };
		E8785A3C2CEC9AE6FBBC52E4 /* HealthCardAccessKit.framework in Embed Frameworks */ = {isa = PBXBuildFile; fileRef = BDFDBE5DF38F65A902F32B82 /* HealthCardAccessKit.framework */; settings = {ATTRIBUTES = (CodeSignOnCopy, RemoveHeadersOnCopy, ); }; };
		E8ABE3F1E71484604A9972F2 /* Nimble.framework in Embed Frameworks */ = {isa = PBXBuildFile; fileRef = 7EC46D0A6F5AB2DB1F9BBA50 /* Nimble.framework */; settings = {ATTRIBUTES = (CodeSignOnCopy, RemoveHeadersOnCopy, ); }; };
		E8AEF74A8D99648314876935 /* HealthCardAccessKit.framework in Embed Frameworks */ = {isa = PBXBuildFile; fileRef = 828CC75F179F87A8E3A102DF /* HealthCardAccessKit.framework */; settings = {ATTRIBUTES = (CodeSignOnCopy, RemoveHeadersOnCopy, ); }; };
		ED619352E4B1247809FF27A4 /* Nimble.framework in Embed Frameworks */ = {isa = PBXBuildFile; fileRef = 6B6E2886E01B24D67EE309B8 /* Nimble.framework */; settings = {ATTRIBUTES = (CodeSignOnCopy, RemoveHeadersOnCopy, ); }; };
		F017BEECA76A84D034E7B4AD /* HealthCardAccessKit.framework in Frameworks */ = {isa = PBXBuildFile; fileRef = BDFDBE5DF38F65A902F32B82 /* HealthCardAccessKit.framework */; };
		F3E4960C34F6AD780CBD9978 /* EllipticCurveTest.swift in Sources */ = {isa = PBXBuildFile; fileRef = BA406E47654F26DB73D38294 /* EllipticCurveTest.swift */; };
		F556AF55B2ABC38B512C1494 /* AES.swift in Sources */ = {isa = PBXBuildFile; fileRef = 6A96204530EE3C10EE430F0C /* AES.swift */; };
		F6AC856B5A79B3D57EC9D93D /* CardReaderProviderApi.framework in Embed Frameworks */ = {isa = PBXBuildFile; fileRef = BD337F8D00F5132D2C3023DE /* CardReaderProviderApi.framework */; settings = {ATTRIBUTES = (CodeSignOnCopy, RemoveHeadersOnCopy, ); }; };
		F6E15AFC7E961C7AC6A830C8 /* ECPoint.swift in Sources */ = {isa = PBXBuildFile; fileRef = C5DB675A8A40F5F3030F6D5F /* ECPoint.swift */; };
		F8999A370278F65CA47E7CC3 /* ECPointTest.swift in Sources */ = {isa = PBXBuildFile; fileRef = 69AA0E0B9005E756C68FD497 /* ECPointTest.swift */; };
		F90F359A582A2BBEF381D6EF /* HealthCardControlKit.framework in Frameworks */ = {isa = PBXBuildFile; fileRef = E685F86D48314A60B0354879 /* HealthCardControlKit.framework */; };
/* End PBXBuildFile section */

/* Begin PBXContainerItemProxy section */
		3869029876BAF2B889B6A132 /* PBXContainerItemProxy */ = {
			isa = PBXContainerItemProxy;
			containerPortal = 1967BA3B4D85E51880E660CC /* Project object */;
			proxyType = 1;
			remoteGlobalIDString = F28C7C304F8FEC2A540D26FB;
			remoteInfo = HealthCardControlKit_macOS;
		};
		D617821991EA1EBE1651716D /* PBXContainerItemProxy */ = {
			isa = PBXContainerItemProxy;
			containerPortal = 1967BA3B4D85E51880E660CC /* Project object */;
			proxyType = 1;
			remoteGlobalIDString = 4BEE84822B3D84214F491B08;
			remoteInfo = HealthCardControlKit_iOS;
		};
/* End PBXContainerItemProxy section */

/* Begin PBXCopyFilesBuildPhase section */
		16D06799D7640606B5941741 /* Embed Frameworks */ = {
			isa = PBXCopyFilesBuildPhase;
			buildActionMask = 2147483647;
			dstPath = "";
			dstSubfolderSpec = 10;
			files = (
				B8807C303DE223FBEEB41FD1 /* ASN1Kit.framework in Embed Frameworks */,
				9EFFB30B3FF623417FE24634 /* BigInt.framework in Embed Frameworks */,
				B46CF8452C4D1D83C88F5A97 /* DataKit.framework in Embed Frameworks */,
				793DF5727ACE0C47E85A3D7F /* GemCommonsKit.framework in Embed Frameworks */,
				E8785A3C2CEC9AE6FBBC52E4 /* HealthCardAccessKit.framework in Embed Frameworks */,
			);
			name = "Embed Frameworks";
			runOnlyForDeploymentPostprocessing = 0;
		};
		4B0254DDD2029BE60F7BAC29 /* Embed Frameworks */ = {
			isa = PBXCopyFilesBuildPhase;
			buildActionMask = 2147483647;
			dstPath = "";
			dstSubfolderSpec = 10;
			files = (
				D01064DA2828BE44A6345CAC /* HealthCardControlKit.framework in Embed Frameworks */,
				E3D91326788CDED4E6C754B4 /* ASN1Kit.framework in Embed Frameworks */,
				31EEABACAA62ED69D3DDCB8E /* BigInt.framework in Embed Frameworks */,
				D93F69E3F2DB72727B23C7BC /* CardReaderAccess.framework in Embed Frameworks */,
				F6AC856B5A79B3D57EC9D93D /* CardReaderProviderApi.framework in Embed Frameworks */,
				372D47DE69BD9940D3EB127B /* DataKit.framework in Embed Frameworks */,
				470B19FFF9F68116741EC904 /* GemCommonsKit.framework in Embed Frameworks */,
				E8AEF74A8D99648314876935 /* HealthCardAccessKit.framework in Embed Frameworks */,
				ED619352E4B1247809FF27A4 /* Nimble.framework in Embed Frameworks */,
			);
			name = "Embed Frameworks";
			runOnlyForDeploymentPostprocessing = 0;
		};
		875CBD9FCC44A3BE04159285 /* Embed Frameworks */ = {
			isa = PBXCopyFilesBuildPhase;
			buildActionMask = 2147483647;
			dstPath = "";
			dstSubfolderSpec = 10;
			files = (
				BF2BDD06A6866CBA85CF912F /* HealthCardControlKit.framework in Embed Frameworks */,
				522B514BCD22525EF91157E0 /* ASN1Kit.framework in Embed Frameworks */,
				10CE53C3526988087DE1B97E /* BigInt.framework in Embed Frameworks */,
				069FE8749F03CD794E03F098 /* CardReaderAccess.framework in Embed Frameworks */,
				15C7129ACCBF8F6EF474BAD6 /* CardReaderProviderApi.framework in Embed Frameworks */,
				4C3533BD235C91145A5E5283 /* DataKit.framework in Embed Frameworks */,
				D57FB164C1D5BB4696F7906A /* GemCommonsKit.framework in Embed Frameworks */,
				1C253B430D919C44B1620648 /* HealthCardAccessKit.framework in Embed Frameworks */,
				E8ABE3F1E71484604A9972F2 /* Nimble.framework in Embed Frameworks */,
			);
			name = "Embed Frameworks";
			runOnlyForDeploymentPostprocessing = 0;
		};
		E17095F31D9508AF5884709C /* Embed Frameworks */ = {
			isa = PBXCopyFilesBuildPhase;
			buildActionMask = 2147483647;
			dstPath = "";
			dstSubfolderSpec = 10;
			files = (
				DAA338988C7420C92E9C24FA /* ASN1Kit.framework in Embed Frameworks */,
				BF96F2054DF13CDC6D8F971F /* BigInt.framework in Embed Frameworks */,
				6B12C59A0D1220C5FA305130 /* DataKit.framework in Embed Frameworks */,
				4B5C6C971E1F53A4D914EC04 /* GemCommonsKit.framework in Embed Frameworks */,
				2A8069DA067DD8AC22CF03B2 /* HealthCardAccessKit.framework in Embed Frameworks */,
			);
			name = "Embed Frameworks";
			runOnlyForDeploymentPostprocessing = 0;
		};
/* End PBXCopyFilesBuildPhase section */

/* Begin PBXFileReference section */
		06C0EDE9A19109F1BA230EDA /* AESTests.swift */ = {isa = PBXFileReference; lastKnownFileType = sourcecode.swift; path = AESTests.swift; sourceTree = "<group>"; };
		0A71E16FB2813E2DA5B9E4BB /* KeyAgreement.swift */ = {isa = PBXFileReference; lastKnownFileType = sourcecode.swift; path = KeyAgreement.swift; sourceTree = "<group>"; };
		2382418E7EFF34EBF5CEBCA6 /* Data+Secure.swift */ = {isa = PBXFileReference; lastKnownFileType = sourcecode.swift; path = "Data+Secure.swift"; sourceTree = "<group>"; };
		2954AB302E9838D0B37FA521 /* HealthCardType+ReadFile.swift */ = {isa = PBXFileReference; lastKnownFileType = sourcecode.swift; path = "HealthCardType+ReadFile.swift"; sourceTree = "<group>"; };
		2F375762572FD3C6E64AC36C /* HealthCard+Error.swift */ = {isa = PBXFileReference; lastKnownFileType = sourcecode.swift; path = "HealthCard+Error.swift"; sourceTree = "<group>"; };
		39C9385A77429D6A6AE3AD9A /* EcdhKeyPair.swift */ = {isa = PBXFileReference; lastKnownFileType = sourcecode.swift; path = EcdhKeyPair.swift; sourceTree = "<group>"; };
		3F91E9888715C7FDD52EBDA8 /* GemCommonsKit.framework */ = {isa = PBXFileReference; lastKnownFileType = wrapper.framework; path = GemCommonsKit.framework; sourceTree = "<group>"; };
		45CE014CFF6429D48A175212 /* ASN1Kit.framework */ = {isa = PBXFileReference; lastKnownFileType = wrapper.framework; path = ASN1Kit.framework; sourceTree = "<group>"; };
		46D2EF8A38014179EA7121F0 /* KeyAgreementTest.swift */ = {isa = PBXFileReference; lastKnownFileType = sourcecode.swift; path = KeyAgreementTest.swift; sourceTree = "<group>"; };
		49106087F7357952D6E433E4 /* SecureMessaging.swift */ = {isa = PBXFileReference; lastKnownFileType = sourcecode.swift; path = SecureMessaging.swift; sourceTree = "<group>"; };
		4DCCDDE8E4D0CFBA21C914A3 /* CardReaderAccess.framework */ = {isa = PBXFileReference; lastKnownFileType = wrapper.framework; path = CardReaderAccess.framework; sourceTree = "<group>"; };
		5E8322E79D69F58044F0DAA6 /* HealthCardType+VerifyPin.swift */ = {isa = PBXFileReference; lastKnownFileType = sourcecode.swift; path = "HealthCardType+VerifyPin.swift"; sourceTree = "<group>"; };
		6113FE854647159C9D20AAEA /* HealthCardControlKitTests.xctest */ = {isa = PBXFileReference; includeInIndex = 0; lastKnownFileType = wrapper.cfbundle; path = HealthCardControlKitTests.xctest; sourceTree = BUILT_PRODUCTS_DIR; };
		6174453644E8564CE588AF54 /* ResponseType+Bytes.swift */ = {isa = PBXFileReference; lastKnownFileType = sourcecode.swift; path = "ResponseType+Bytes.swift"; sourceTree = "<group>"; };
		6521A4F84E1186293EF978E7 /* BigInt.framework */ = {isa = PBXFileReference; lastKnownFileType = wrapper.framework; path = BigInt.framework; sourceTree = "<group>"; };
		69AA0E0B9005E756C68FD497 /* ECPointTest.swift */ = {isa = PBXFileReference; lastKnownFileType = sourcecode.swift; path = ECPointTest.swift; sourceTree = "<group>"; };
		6A96204530EE3C10EE430F0C /* AES.swift */ = {isa = PBXFileReference; lastKnownFileType = sourcecode.swift; path = AES.swift; sourceTree = "<group>"; };
		6B6E2886E01B24D67EE309B8 /* Nimble.framework */ = {isa = PBXFileReference; lastKnownFileType = wrapper.framework; path = Nimble.framework; sourceTree = "<group>"; };
		74061A0878FBBAA716AF077E /* DataKit.framework */ = {isa = PBXFileReference; lastKnownFileType = wrapper.framework; path = DataKit.framework; sourceTree = "<group>"; };
		7A5197B13F90CF7AF445FC01 /* AES128PaceKey.swift */ = {isa = PBXFileReference; lastKnownFileType = sourcecode.swift; path = AES128PaceKey.swift; sourceTree = "<group>"; };
		7C6759349C4ADA031E893652 /* CardReaderProviderApi.framework */ = {isa = PBXFileReference; lastKnownFileType = wrapper.framework; path = CardReaderProviderApi.framework; sourceTree = "<group>"; };
		7DA7C4075A79093A2E62D6EB /* HealthCardControlKitTests.xctest */ = {isa = PBXFileReference; explicitFileType = wrapper.cfbundle; includeInIndex = 0; path = HealthCardControlKitTests.xctest; sourceTree = BUILT_PRODUCTS_DIR; };
		7EC46D0A6F5AB2DB1F9BBA50 /* Nimble.framework */ = {isa = PBXFileReference; lastKnownFileType = wrapper.framework; path = Nimble.framework; sourceTree = "<group>"; };
		828CC75F179F87A8E3A102DF /* HealthCardAccessKit.framework */ = {isa = PBXFileReference; lastKnownFileType = wrapper.framework; path = HealthCardAccessKit.framework; sourceTree = "<group>"; };
		9D842F8F03F006E4A77A97E8 /* ASN1Kit.framework */ = {isa = PBXFileReference; lastKnownFileType = wrapper.framework; path = ASN1Kit.framework; sourceTree = "<group>"; };
		9E38BC0BAEE072BD48FAD15C /* KeyDerivationFunctionTest.swift */ = {isa = PBXFileReference; lastKnownFileType = sourcecode.swift; path = KeyDerivationFunctionTest.swift; sourceTree = "<group>"; };
		A5AAFAA34450A3AC6769F90F /* CardChannelType+Version.swift */ = {isa = PBXFileReference; lastKnownFileType = sourcecode.swift; path = "CardChannelType+Version.swift"; sourceTree = "<group>"; };
		A936F708F0E9D87A2224F253 /* HealthCardType+ESIGN.swift */ = {isa = PBXFileReference; lastKnownFileType = sourcecode.swift; path = "HealthCardType+ESIGN.swift"; sourceTree = "<group>"; };
		B10A4B14BBC5552A522BBAB1 /* HealthCardType+EfCardAccess.swift */ = {isa = PBXFileReference; lastKnownFileType = sourcecode.swift; path = "HealthCardType+EfCardAccess.swift"; sourceTree = "<group>"; };
		B2B14A0AF0B7AC5E19C371D9 /* CardReaderAccess.framework */ = {isa = PBXFileReference; lastKnownFileType = wrapper.framework; path = CardReaderAccess.framework; sourceTree = "<group>"; };
		BA406E47654F26DB73D38294 /* EllipticCurveTest.swift */ = {isa = PBXFileReference; lastKnownFileType = sourcecode.swift; path = EllipticCurveTest.swift; sourceTree = "<group>"; };
		BC8C4B81C3CF6F5B0C547CFA /* EllipticCurve.swift */ = {isa = PBXFileReference; lastKnownFileType = sourcecode.swift; path = EllipticCurve.swift; sourceTree = "<group>"; };
		BD337F8D00F5132D2C3023DE /* CardReaderProviderApi.framework */ = {isa = PBXFileReference; lastKnownFileType = wrapper.framework; path = CardReaderProviderApi.framework; sourceTree = "<group>"; };
		BDFDBE5DF38F65A902F32B82 /* HealthCardAccessKit.framework */ = {isa = PBXFileReference; lastKnownFileType = wrapper.framework; path = HealthCardAccessKit.framework; sourceTree = "<group>"; };
		BF7308E0A8798A0DD964D498 /* SecureHealthCard.swift */ = {isa = PBXFileReference; lastKnownFileType = sourcecode.swift; path = SecureHealthCard.swift; sourceTree = "<group>"; };
		C1BF48C5B615CBD2D729E25B /* XCTestManifests.swift */ = {isa = PBXFileReference; lastKnownFileType = sourcecode.swift; path = XCTestManifests.swift; sourceTree = "<group>"; };
		C5DB675A8A40F5F3030F6D5F /* ECPoint.swift */ = {isa = PBXFileReference; lastKnownFileType = sourcecode.swift; path = ECPoint.swift; sourceTree = "<group>"; };
		C81ADBCA1359549848E514D1 /* DataKit.framework */ = {isa = PBXFileReference; lastKnownFileType = wrapper.framework; path = DataKit.framework; sourceTree = "<group>"; };
		DB71ACFB4C0E3D6BA3949FE4 /* CardType+SecureMessaging.swift */ = {isa = PBXFileReference; lastKnownFileType = sourcecode.swift; path = "CardType+SecureMessaging.swift"; sourceTree = "<group>"; };
		DC09AE02146F93FBF52B2A2A /* HealthCardControlKit.framework */ = {isa = PBXFileReference; explicitFileType = wrapper.framework; includeInIndex = 0; path = HealthCardControlKit.framework; sourceTree = BUILT_PRODUCTS_DIR; };
		DD2DBAC4CE1A30E80C335416 /* EcdhKeyPairGenerator.swift */ = {isa = PBXFileReference; lastKnownFileType = sourcecode.swift; path = EcdhKeyPairGenerator.swift; sourceTree = "<group>"; };
		E042618BD95FF410C10D943E /* SecureCardChannel.swift */ = {isa = PBXFileReference; lastKnownFileType = sourcecode.swift; path = SecureCardChannel.swift; sourceTree = "<group>"; };
		E4A0BACCA5BCE62FF66DF8D7 /* GemCommonsKit.framework */ = {isa = PBXFileReference; lastKnownFileType = wrapper.framework; path = GemCommonsKit.framework; sourceTree = "<group>"; };
		E685F86D48314A60B0354879 /* HealthCardControlKit.framework */ = {isa = PBXFileReference; explicitFileType = wrapper.framework; includeInIndex = 0; path = HealthCardControlKit.framework; sourceTree = BUILT_PRODUCTS_DIR; };
		E7A6744F7562E67741A853FE /* KeyDerivationFunction.swift */ = {isa = PBXFileReference; lastKnownFileType = sourcecode.swift; path = KeyDerivationFunction.swift; sourceTree = "<group>"; };
		E9670887B1E61223E22651B0 /* BigInt.framework */ = {isa = PBXFileReference; lastKnownFileType = wrapper.framework; path = BigInt.framework; sourceTree = "<group>"; };
		EB03C3EC7663607291EBCB74 /* AES128PaceKeyTest.swift */ = {isa = PBXFileReference; lastKnownFileType = sourcecode.swift; path = AES128PaceKeyTest.swift; sourceTree = "<group>"; };
		F321E709B9F61162CB390DE2 /* DataSecureTest.swift */ = {isa = PBXFileReference; lastKnownFileType = sourcecode.swift; path = DataSecureTest.swift; sourceTree = "<group>"; };
		FACD65D9B13C413FB6291A7A /* EcdhKeyPairGeneratorTest.swift */ = {isa = PBXFileReference; lastKnownFileType = sourcecode.swift; path = EcdhKeyPairGeneratorTest.swift; sourceTree = "<group>"; };
/* End PBXFileReference section */

/* Begin PBXFrameworksBuildPhase section */
		00F89E411F7D16DE8C647B26 /* Frameworks */ = {
			isa = PBXFrameworksBuildPhase;
			buildActionMask = 2147483647;
			files = (
				F90F359A582A2BBEF381D6EF /* HealthCardControlKit.framework in Frameworks */,
				61ECF30415BB0D013CFB90FA /* CardReaderProviderApi.framework in Frameworks */,
				CD9EF6D87438AFB23FB381B1 /* CardReaderAccess.framework in Frameworks */,
				0734059F050842AF80A91FBC /* Nimble.framework in Frameworks */,
			);
			runOnlyForDeploymentPostprocessing = 0;
		};
		0D0216F847E9A0F24FDB11A1 /* Frameworks */ = {
			isa = PBXFrameworksBuildPhase;
			buildActionMask = 2147483647;
			files = (
				99542F84BFD83DBD7F76317B /* ASN1Kit.framework in Frameworks */,
				CC1155A717CF5075D99F0115 /* BigInt.framework in Frameworks */,
				E877B06C23656D078C386D0A /* DataKit.framework in Frameworks */,
				4E65D14634467E2A381788E3 /* GemCommonsKit.framework in Frameworks */,
				DE961FEFF0AEB1E9E32BDCDE /* HealthCardAccessKit.framework in Frameworks */,
			);
			runOnlyForDeploymentPostprocessing = 0;
		};
		BD6DAA12E0E36324C747C367 /* Frameworks */ = {
			isa = PBXFrameworksBuildPhase;
			buildActionMask = 2147483647;
			files = (
				01E075A0F53DF3D21EB4AD07 /* ASN1Kit.framework in Frameworks */,
				4DB4C068E32DCB07D4EF7F95 /* BigInt.framework in Frameworks */,
				81531ED46AC64622FC72412A /* DataKit.framework in Frameworks */,
				3CA978578AEB48B96CA2BFBB /* GemCommonsKit.framework in Frameworks */,
				F017BEECA76A84D034E7B4AD /* HealthCardAccessKit.framework in Frameworks */,
			);
			runOnlyForDeploymentPostprocessing = 0;
		};
		D6AFCDF9B9922FA9171CD90C /* Frameworks */ = {
			isa = PBXFrameworksBuildPhase;
			buildActionMask = 2147483647;
			files = (
				2069576D5E61CE5A396D6D83 /* HealthCardControlKit.framework in Frameworks */,
				7B17562642FD81F2BBBBBFEE /* CardReaderProviderApi.framework in Frameworks */,
				E129DC7BB285DC5FE736F0F2 /* CardReaderAccess.framework in Frameworks */,
				B647B6766A926005DD322D07 /* Nimble.framework in Frameworks */,
			);
			runOnlyForDeploymentPostprocessing = 0;
		};
/* End PBXFrameworksBuildPhase section */

/* Begin PBXGroup section */
		2DBF0F450C1B527953CCC949 /* iOS */ = {
			isa = PBXGroup;
			children = (
				45CE014CFF6429D48A175212 /* ASN1Kit.framework */,
				6521A4F84E1186293EF978E7 /* BigInt.framework */,
				B2B14A0AF0B7AC5E19C371D9 /* CardReaderAccess.framework */,
				7C6759349C4ADA031E893652 /* CardReaderProviderApi.framework */,
				74061A0878FBBAA716AF077E /* DataKit.framework */,
				3F91E9888715C7FDD52EBDA8 /* GemCommonsKit.framework */,
				BDFDBE5DF38F65A902F32B82 /* HealthCardAccessKit.framework */,
				7EC46D0A6F5AB2DB1F9BBA50 /* Nimble.framework */,
			);
			path = iOS;
			sourceTree = "<group>";
		};
		2F10BB87BFFB725490BCD8B0 /* Carthage */ = {
			isa = PBXGroup;
			children = (
				2DBF0F450C1B527953CCC949 /* iOS */,
				BDA77194AD2E5B9C5992F625 /* Mac */,
			);
			name = Carthage;
			path = Carthage/Build;
			sourceTree = "<group>";
		};
		35B4D6F2B1E7F45CCDDFE21F /* Crypto */ = {
			isa = PBXGroup;
			children = (
				06C0EDE9A19109F1BA230EDA /* AESTests.swift */,
				F321E709B9F61162CB390DE2 /* DataSecureTest.swift */,
				69AA0E0B9005E756C68FD497 /* ECPointTest.swift */,
				BA406E47654F26DB73D38294 /* EllipticCurveTest.swift */,
				9E38BC0BAEE072BD48FAD15C /* KeyDerivationFunctionTest.swift */,
			);
			path = Crypto;
			sourceTree = "<group>";
		};
		38C3FCB20224BF2E4719827C /* Operations */ = {
			isa = PBXGroup;
			children = (
				A5AAFAA34450A3AC6769F90F /* CardChannelType+Version.swift */,
				2F375762572FD3C6E64AC36C /* HealthCard+Error.swift */,
				2954AB302E9838D0B37FA521 /* HealthCardType+ReadFile.swift */,
			);
			path = Operations;
			sourceTree = "<group>";
		};
		532E5541CFE420FBB4FE656A /* Authentication */ = {
			isa = PBXGroup;
			children = (
				A936F708F0E9D87A2224F253 /* HealthCardType+ESIGN.swift */,
				5E8322E79D69F58044F0DAA6 /* HealthCardType+VerifyPin.swift */,
			);
			path = Authentication;
			sourceTree = "<group>";
		};
		74846FB610C29A63FB27A572 /* HealthCardControl */ = {
			isa = PBXGroup;
			children = (
				532E5541CFE420FBB4FE656A /* Authentication */,
				FA89981122AB84B19E376AE3 /* Crypto */,
				38C3FCB20224BF2E4719827C /* Operations */,
				B2E8C122560886110B88A457 /* SecureMessaging */,
			);
			name = HealthCardControl;
			path = Sources/HealthCardControl;
			sourceTree = "<group>";
		};
		7B3D7595172D4FD9F3E285C3 /* Frameworks */ = {
			isa = PBXGroup;
			children = (
				2F10BB87BFFB725490BCD8B0 /* Carthage */,
			);
			name = Frameworks;
			sourceTree = "<group>";
		};
		8275423EF9B66EC6B641937C = {
			isa = PBXGroup;
			children = (
				74846FB610C29A63FB27A572 /* HealthCardControl */,
				E5D84B04AAE849E97DB3D74B /* HealthCardControlTests */,
				7B3D7595172D4FD9F3E285C3 /* Frameworks */,
				F45E6E0E6954655016D37138 /* Products */,
			);
			sourceTree = "<group>";
		};
		B1DC7848EB891864803DCBC5 /* SecureMessaging */ = {
			isa = PBXGroup;
			children = (
				EB03C3EC7663607291EBCB74 /* AES128PaceKeyTest.swift */,
				FACD65D9B13C413FB6291A7A /* EcdhKeyPairGeneratorTest.swift */,
				46D2EF8A38014179EA7121F0 /* KeyAgreementTest.swift */,
				6174453644E8564CE588AF54 /* ResponseType+Bytes.swift */,
			);
			path = SecureMessaging;
			sourceTree = "<group>";
		};
		B2E8C122560886110B88A457 /* SecureMessaging */ = {
			isa = PBXGroup;
			children = (
				7A5197B13F90CF7AF445FC01 /* AES128PaceKey.swift */,
				DB71ACFB4C0E3D6BA3949FE4 /* CardType+SecureMessaging.swift */,
				39C9385A77429D6A6AE3AD9A /* EcdhKeyPair.swift */,
				DD2DBAC4CE1A30E80C335416 /* EcdhKeyPairGenerator.swift */,
				B10A4B14BBC5552A522BBAB1 /* HealthCardType+EfCardAccess.swift */,
				0A71E16FB2813E2DA5B9E4BB /* KeyAgreement.swift */,
				E042618BD95FF410C10D943E /* SecureCardChannel.swift */,
				BF7308E0A8798A0DD964D498 /* SecureHealthCard.swift */,
				49106087F7357952D6E433E4 /* SecureMessaging.swift */,
			);
			path = SecureMessaging;
			sourceTree = "<group>";
		};
		BDA77194AD2E5B9C5992F625 /* Mac */ = {
			isa = PBXGroup;
			children = (
				9D842F8F03F006E4A77A97E8 /* ASN1Kit.framework */,
				E9670887B1E61223E22651B0 /* BigInt.framework */,
				4DCCDDE8E4D0CFBA21C914A3 /* CardReaderAccess.framework */,
				BD337F8D00F5132D2C3023DE /* CardReaderProviderApi.framework */,
				C81ADBCA1359549848E514D1 /* DataKit.framework */,
				E4A0BACCA5BCE62FF66DF8D7 /* GemCommonsKit.framework */,
				828CC75F179F87A8E3A102DF /* HealthCardAccessKit.framework */,
				6B6E2886E01B24D67EE309B8 /* Nimble.framework */,
			);
			path = Mac;
			sourceTree = "<group>";
		};
		E5D84B04AAE849E97DB3D74B /* HealthCardControlTests */ = {
			isa = PBXGroup;
			children = (
				C1BF48C5B615CBD2D729E25B /* XCTestManifests.swift */,
				35B4D6F2B1E7F45CCDDFE21F /* Crypto */,
				B1DC7848EB891864803DCBC5 /* SecureMessaging */,
			);
			name = HealthCardControlTests;
			path = Tests/HealthCardControlTests;
			sourceTree = "<group>";
		};
		F45E6E0E6954655016D37138 /* Products */ = {
			isa = PBXGroup;
			children = (
				DC09AE02146F93FBF52B2A2A /* HealthCardControlKit.framework */,
				E685F86D48314A60B0354879 /* HealthCardControlKit.framework */,
				6113FE854647159C9D20AAEA /* HealthCardControlKitTests.xctest */,
				7DA7C4075A79093A2E62D6EB /* HealthCardControlKitTests.xctest */,
			);
			name = Products;
			sourceTree = "<group>";
		};
		FA89981122AB84B19E376AE3 /* Crypto */ = {
			isa = PBXGroup;
			children = (
				6A96204530EE3C10EE430F0C /* AES.swift */,
				2382418E7EFF34EBF5CEBCA6 /* Data+Secure.swift */,
				C5DB675A8A40F5F3030F6D5F /* ECPoint.swift */,
				BC8C4B81C3CF6F5B0C547CFA /* EllipticCurve.swift */,
				E7A6744F7562E67741A853FE /* KeyDerivationFunction.swift */,
			);
			path = Crypto;
			sourceTree = "<group>";
		};
/* End PBXGroup section */

/* Begin PBXNativeTarget section */
		0DC4BD368E497229FE99435B /* HealthCardControlKitTests_iOS */ = {
			isa = PBXNativeTarget;
			buildConfigurationList = 939EA59F72B55F8C585A2A46 /* Build configuration list for PBXNativeTarget "HealthCardControlKitTests_iOS" */;
			buildPhases = (
				3019D37BDEAA93FD38582052 /* Sources */,
				D6AFCDF9B9922FA9171CD90C /* Frameworks */,
				875CBD9FCC44A3BE04159285 /* Embed Frameworks */,
			);
			buildRules = (
			);
			dependencies = (
				41CC9EE28136891FFF055804 /* PBXTargetDependency */,
			);
			name = HealthCardControlKitTests_iOS;
			productName = HealthCardControlKitTests_iOS;
			productReference = 6113FE854647159C9D20AAEA /* HealthCardControlKitTests.xctest */;
			productType = "com.apple.product-type.bundle.unit-test";
		};
		4BEE84822B3D84214F491B08 /* HealthCardControlKit_iOS */ = {
			isa = PBXNativeTarget;
			buildConfigurationList = 97B60B2C7B3FB7DED0652E96 /* Build configuration list for PBXNativeTarget "HealthCardControlKit_iOS" */;
			buildPhases = (
				5876B6739F218D2FB7A6BF6C /* Sources */,
				BD6DAA12E0E36324C747C367 /* Frameworks */,
				16D06799D7640606B5941741 /* Embed Frameworks */,
			);
			buildRules = (
			);
			dependencies = (
			);
			name = HealthCardControlKit_iOS;
			productName = HealthCardControlKit_iOS;
			productReference = DC09AE02146F93FBF52B2A2A /* HealthCardControlKit.framework */;
			productType = "com.apple.product-type.framework";
		};
		CE7D374ED713B4441D9E7F70 /* HealthCardControlKitTests_macOS */ = {
			isa = PBXNativeTarget;
			buildConfigurationList = D263A7B283E4BC45789862D7 /* Build configuration list for PBXNativeTarget "HealthCardControlKitTests_macOS" */;
			buildPhases = (
				47DDBE2084FEBEE0DB47EA53 /* Sources */,
				00F89E411F7D16DE8C647B26 /* Frameworks */,
				4B0254DDD2029BE60F7BAC29 /* Embed Frameworks */,
			);
			buildRules = (
			);
			dependencies = (
				54873C875A10443176CE4573 /* PBXTargetDependency */,
			);
			name = HealthCardControlKitTests_macOS;
			productName = HealthCardControlKitTests_macOS;
			productReference = 7DA7C4075A79093A2E62D6EB /* HealthCardControlKitTests.xctest */;
			productType = "com.apple.product-type.bundle.unit-test";
		};
		F28C7C304F8FEC2A540D26FB /* HealthCardControlKit_macOS */ = {
			isa = PBXNativeTarget;
			buildConfigurationList = 76F0B76ECC8F215E023B9680 /* Build configuration list for PBXNativeTarget "HealthCardControlKit_macOS" */;
			buildPhases = (
				F7B8C9D284ED2FF3C9D4D7D4 /* Sources */,
				0D0216F847E9A0F24FDB11A1 /* Frameworks */,
				E17095F31D9508AF5884709C /* Embed Frameworks */,
			);
			buildRules = (
			);
			dependencies = (
			);
			name = HealthCardControlKit_macOS;
			productName = HealthCardControlKit_macOS;
			productReference = E685F86D48314A60B0354879 /* HealthCardControlKit.framework */;
			productType = "com.apple.product-type.framework";
		};
/* End PBXNativeTarget section */

/* Begin PBXProject section */
		1967BA3B4D85E51880E660CC /* Project object */ = {
			isa = PBXProject;
			attributes = {
				LastUpgradeCheck = 1020;
			};
			buildConfigurationList = FE9660F04DC0828DB4CFF37C /* Build configuration list for PBXProject "HealthCardControlKit" */;
			compatibilityVersion = "Xcode 10.0";
			developmentRegion = en;
			hasScannedForEncodings = 0;
			knownRegions = (
				Base,
				en,
			);
			mainGroup = 8275423EF9B66EC6B641937C;
			projectDirPath = "";
			projectRoot = "";
			targets = (
				0DC4BD368E497229FE99435B /* HealthCardControlKitTests_iOS */,
				CE7D374ED713B4441D9E7F70 /* HealthCardControlKitTests_macOS */,
				4BEE84822B3D84214F491B08 /* HealthCardControlKit_iOS */,
				F28C7C304F8FEC2A540D26FB /* HealthCardControlKit_macOS */,
			);
		};
/* End PBXProject section */

/* Begin PBXSourcesBuildPhase section */
		3019D37BDEAA93FD38582052 /* Sources */ = {
			isa = PBXSourcesBuildPhase;
			buildActionMask = 2147483647;
			files = (
				6E5776A46428E2A85C87622E /* AES128PaceKeyTest.swift in Sources */,
				986DA474EAA37D3705FFB77E /* AESTests.swift in Sources */,
				8C60D45550E00ABF5BDC1C20 /* DataSecureTest.swift in Sources */,
				F8999A370278F65CA47E7CC3 /* ECPointTest.swift in Sources */,
				3E694FB91606857E77A07EA2 /* EcdhKeyPairGeneratorTest.swift in Sources */,
				DA48FC3596C3A9FFF0FE28F2 /* EllipticCurveTest.swift in Sources */,
				BAF39C253471015636373B0F /* KeyAgreementTest.swift in Sources */,
				0A823C0A48197D19DA8CA3A0 /* KeyDerivationFunctionTest.swift in Sources */,
				B458DEDC1E5C9C313C13B8DC /* ResponseType+Bytes.swift in Sources */,
				1C45333EB475566349CCA1D3 /* XCTestManifests.swift in Sources */,
			);
			runOnlyForDeploymentPostprocessing = 0;
		};
		47DDBE2084FEBEE0DB47EA53 /* Sources */ = {
			isa = PBXSourcesBuildPhase;
			buildActionMask = 2147483647;
			files = (
				0D5F5189E241A90F2DCA8DC4 /* AES128PaceKeyTest.swift in Sources */,
				B95F7C66E0CCDBB66638AAA8 /* AESTests.swift in Sources */,
				C63A242D871C821B2D5939C5 /* DataSecureTest.swift in Sources */,
				15FEEF1F82C648D35C490EC8 /* ECPointTest.swift in Sources */,
				171CB46690C1AA1702364DF8 /* EcdhKeyPairGeneratorTest.swift in Sources */,
				F3E4960C34F6AD780CBD9978 /* EllipticCurveTest.swift in Sources */,
				58F086BB125EB1E9426E4E79 /* KeyAgreementTest.swift in Sources */,
				870D3DF24FF882DF9D17B7F0 /* KeyDerivationFunctionTest.swift in Sources */,
				DDABBB331BBD31B21691B17B /* ResponseType+Bytes.swift in Sources */,
				7E920E6E00E2A2F67DDB2EEB /* XCTestManifests.swift in Sources */,
			);
			runOnlyForDeploymentPostprocessing = 0;
		};
		5876B6739F218D2FB7A6BF6C /* Sources */ = {
			isa = PBXSourcesBuildPhase;
			buildActionMask = 2147483647;
			files = (
				F556AF55B2ABC38B512C1494 /* AES.swift in Sources */,
				A7151D2FED04C5BD925B4426 /* AES128PaceKey.swift in Sources */,
				65E5070AF6CD784ABB69B48F /* CardChannelType+Version.swift in Sources */,
				B0A1EC3E62C4A9B4E75877A0 /* CardType+SecureMessaging.swift in Sources */,
				3BFB349B29EBB5DBC8A15C8E /* Data+Secure.swift in Sources */,
				F6E15AFC7E961C7AC6A830C8 /* ECPoint.swift in Sources */,
				82E067F3D27167921B58E529 /* EcdhKeyPair.swift in Sources */,
				0383360A6BD84CA96B8D4E64 /* EcdhKeyPairGenerator.swift in Sources */,
				94F4426D9C04C8BBB0C6515B /* EllipticCurve.swift in Sources */,
				DA803A3AD8FE5663EB3C0635 /* HealthCard+Error.swift in Sources */,
				46B1A4D6894851F3FC241590 /* HealthCardType+ESIGN.swift in Sources */,
				D04037002F9DD0B476616F02 /* HealthCardType+EfCardAccess.swift in Sources */,
				6FF10D4C212850DC168F8479 /* HealthCardType+ReadFile.swift in Sources */,
				D07022981D6CBC7681ED455F /* HealthCardType+VerifyPin.swift in Sources */,
				BD263D38269C9DF178C2F303 /* KeyAgreement.swift in Sources */,
				5DD0B85DC8CB9D7C37D8AE04 /* KeyDerivationFunction.swift in Sources */,
				BADDF076CDCA60B00E2C7710 /* SecureCardChannel.swift in Sources */,
				CB3D07DCDCC908875263CEF4 /* SecureHealthCard.swift in Sources */,
				A4248A23CFC682A3E6093E65 /* SecureMessaging.swift in Sources */,
			);
			runOnlyForDeploymentPostprocessing = 0;
		};
		F7B8C9D284ED2FF3C9D4D7D4 /* Sources */ = {
			isa = PBXSourcesBuildPhase;
			buildActionMask = 2147483647;
			files = (
				CF6C5018A4ED81327AC5A573 /* AES.swift in Sources */,
				BC42C8EB46D29223761989BB /* AES128PaceKey.swift in Sources */,
				9A80F9438FC0B929E888247A /* CardChannelType+Version.swift in Sources */,
				065A6D8F88977A64507E6486 /* CardType+SecureMessaging.swift in Sources */,
				DB6637978A79200BDA0A7EB4 /* Data+Secure.swift in Sources */,
				98D3CA541FC29A7EAD923675 /* ECPoint.swift in Sources */,
				40E0EC16FFEB014B52D1FD0B /* EcdhKeyPair.swift in Sources */,
				E199E9D3B74F55CA7F312D87 /* EcdhKeyPairGenerator.swift in Sources */,
				0F047E245CE35C581E190A45 /* EllipticCurve.swift in Sources */,
				9ED1EEF184F054E6E56D6A59 /* HealthCard+Error.swift in Sources */,
				7D3C2C69C6D7EC3DAD0A8051 /* HealthCardType+ESIGN.swift in Sources */,
				CEDA2A18772AFB66630D8452 /* HealthCardType+EfCardAccess.swift in Sources */,
				020CA8740C4A4968E0F233E8 /* HealthCardType+ReadFile.swift in Sources */,
				B56FA9C788BC5AD48A265898 /* HealthCardType+VerifyPin.swift in Sources */,
				7E4FD9C6917593591CBE5AFB /* KeyAgreement.swift in Sources */,
				58EFF7A762293FCDEB0060B5 /* KeyDerivationFunction.swift in Sources */,
				336D60C8EF05E242246B5C85 /* SecureCardChannel.swift in Sources */,
				6D612E193F9ECBAFFBF71614 /* SecureHealthCard.swift in Sources */,
				58448ADB6FB9C8E71FEFEA73 /* SecureMessaging.swift in Sources */,
			);
			runOnlyForDeploymentPostprocessing = 0;
		};
/* End PBXSourcesBuildPhase section */

/* Begin PBXTargetDependency section */
		41CC9EE28136891FFF055804 /* PBXTargetDependency */ = {
			isa = PBXTargetDependency;
			target = 4BEE84822B3D84214F491B08 /* HealthCardControlKit_iOS */;
			targetProxy = D617821991EA1EBE1651716D /* PBXContainerItemProxy */;
		};
		54873C875A10443176CE4573 /* PBXTargetDependency */ = {
			isa = PBXTargetDependency;
			target = F28C7C304F8FEC2A540D26FB /* HealthCardControlKit_macOS */;
			targetProxy = 3869029876BAF2B889B6A132 /* PBXContainerItemProxy */;
		};
/* End PBXTargetDependency section */

/* Begin XCBuildConfiguration section */
		305A5A6A756656797A9C376A /* Release */ = {
			isa = XCBuildConfiguration;
			buildSettings = {
				BUNDLE_LOADER = "$(TEST_HOST)";
				FRAMEWORK_SEARCH_PATHS = (
					"$(inherited)",
					"$(PROJECT_DIR)/Carthage/Build/iOS",
				);
				INFOPLIST_FILE = Resources/HealthCardControlKitTests_Info.plist;
				LD_RUNPATH_SEARCH_PATHS = (
					"$(inherited)",
					"@executable_path/Frameworks",
					"@loader_path/Frameworks",
				);
				PRODUCT_BUNDLE_IDENTIFIER = "de.gematik.ti.healthcardcontrol.HealthCardControlKitTests-iOS";
				PRODUCT_NAME = HealthCardControlKitTests;
				SDKROOT = iphoneos;
				TARGETED_DEVICE_FAMILY = "1,2";
			};
			name = Release;
		};
		34480DAB36011CEA7CA56249 /* Release */ = {
			isa = XCBuildConfiguration;
			buildSettings = {
				ALWAYS_SEARCH_USER_PATHS = NO;
				CLANG_ANALYZER_NONNULL = YES;
				CLANG_ANALYZER_NUMBER_OBJECT_CONVERSION = YES_AGGRESSIVE;
				CLANG_CXX_LANGUAGE_STANDARD = "gnu++14";
				CLANG_CXX_LIBRARY = "libc++";
				CLANG_ENABLE_MODULES = YES;
				CLANG_ENABLE_OBJC_ARC = YES;
				CLANG_WARN_BLOCK_CAPTURE_AUTORELEASING = YES;
				CLANG_WARN_BOOL_CONVERSION = YES;
				CLANG_WARN_COMMA = YES;
				CLANG_WARN_CONSTANT_CONVERSION = YES;
				CLANG_WARN_DEPRECATED_OBJC_IMPLEMENTATIONS = YES;
				CLANG_WARN_DIRECT_OBJC_ISA_USAGE = YES_ERROR;
				CLANG_WARN_DOCUMENTATION_COMMENTS = YES;
				CLANG_WARN_EMPTY_BODY = YES;
				CLANG_WARN_ENUM_CONVERSION = YES;
				CLANG_WARN_INFINITE_RECURSION = YES;
				CLANG_WARN_INT_CONVERSION = YES;
				CLANG_WARN_NON_LITERAL_NULL_CONVERSION = YES;
				CLANG_WARN_OBJC_IMPLICIT_RETAIN_SELF = YES;
				CLANG_WARN_OBJC_LITERAL_CONVERSION = YES;
				CLANG_WARN_OBJC_ROOT_CLASS = YES_ERROR;
				CLANG_WARN_RANGE_LOOP_ANALYSIS = YES;
				CLANG_WARN_STRICT_PROTOTYPES = YES;
				CLANG_WARN_SUSPICIOUS_MOVE = YES;
				CLANG_WARN_UNGUARDED_AVAILABILITY = YES_AGGRESSIVE;
				CLANG_WARN_UNREACHABLE_CODE = YES;
				CLANG_WARN__DUPLICATE_METHOD_MATCH = YES;
				COPY_PHASE_STRIP = NO;
				DEBUG_INFORMATION_FORMAT = "dwarf-with-dsym";
				ENABLE_NS_ASSERTIONS = NO;
				ENABLE_STRICT_OBJC_MSGSEND = YES;
				FRAMEWORK_SEARCH_PATHS = "$(inherited)";
				GCC_C_LANGUAGE_STANDARD = gnu11;
				GCC_NO_COMMON_BLOCKS = YES;
				GCC_WARN_64_TO_32_BIT_CONVERSION = YES;
				GCC_WARN_ABOUT_RETURN_TYPE = YES_ERROR;
				GCC_WARN_UNDECLARED_SELECTOR = YES;
				GCC_WARN_UNINITIALIZED_AUTOS = YES_AGGRESSIVE;
				GCC_WARN_UNUSED_FUNCTION = YES;
				GCC_WARN_UNUSED_VARIABLE = YES;
				IPHONEOS_DEPLOYMENT_TARGET = 12.1;
				MACOSX_DEPLOYMENT_TARGET = 10.12;
				PRODUCT_NAME = "$(TARGET_NAME)";
				SWIFT_COMPILATION_MODE = wholemodule;
				SWIFT_VERSION = 5.0;
				VALIDATE_PRODUCT = YES;
			};
			name = Release;
		};
		523B5A88B4F72A739DFC6D60 /* Release */ = {
			isa = XCBuildConfiguration;
			buildSettings = {
				BUNDLE_LOADER = "$(TEST_HOST)";
				COMBINE_HIDPI_IMAGES = YES;
				FRAMEWORK_SEARCH_PATHS = (
					"$(inherited)",
					"$(PROJECT_DIR)/Carthage/Build/Mac",
				);
				INFOPLIST_FILE = Resources/HealthCardControlKitTests_Info.plist;
				LD_RUNPATH_SEARCH_PATHS = (
					"$(inherited)",
					"@executable_path/../Frameworks",
					"@loader_path/../Frameworks",
				);
				PRODUCT_BUNDLE_IDENTIFIER = "de.gematik.ti.healthcardcontrol.HealthCardControlKitTests-macOS";
				PRODUCT_NAME = HealthCardControlKitTests;
				SDKROOT = macosx;
			};
			name = Release;
		};
		6B0EA55CE85F0BB6D225DA98 /* Release */ = {
			isa = XCBuildConfiguration;
			buildSettings = {
				CODE_SIGN_IDENTITY = "";
				CURRENT_PROJECT_VERSION = 1;
				DEFINES_MODULE = YES;
				DYLIB_COMPATIBILITY_VERSION = 1;
				DYLIB_CURRENT_VERSION = 1;
				DYLIB_INSTALL_NAME_BASE = "@rpath";
				FRAMEWORK_SEARCH_PATHS = (
					"$(inherited)",
					"$(PROJECT_DIR)/Carthage/Build/iOS",
				);
				INFOPLIST_FILE = Resources/HealthCardControlKit_Info.plist;
				INSTALL_PATH = "$(LOCAL_LIBRARY_DIR)/Frameworks";
				LD_RUNPATH_SEARCH_PATHS = (
					"$(inherited)",
					"@executable_path/Frameworks",
				);
				PRODUCT_BUNDLE_IDENTIFIER = "de.gematik.ti.healthcardcontrol.HealthCardControlKit-iOS";
				PRODUCT_NAME = HealthCardControlKit;
				SDKROOT = iphoneos;
				SKIP_INSTALL = YES;
				TARGETED_DEVICE_FAMILY = "1,2";
				VERSIONING_SYSTEM = "apple-generic";
			};
			name = Release;
		};
		77653EADBABAAA3BB5F5E57D /* Release */ = {
			isa = XCBuildConfiguration;
			buildSettings = {
				CODE_SIGN_IDENTITY = "";
				COMBINE_HIDPI_IMAGES = YES;
				CURRENT_PROJECT_VERSION = 1;
				DEFINES_MODULE = YES;
				DYLIB_COMPATIBILITY_VERSION = 1;
				DYLIB_CURRENT_VERSION = 1;
				DYLIB_INSTALL_NAME_BASE = "@rpath";
				FRAMEWORK_SEARCH_PATHS = (
					"$(inherited)",
					"$(PROJECT_DIR)/Carthage/Build/Mac",
				);
				INFOPLIST_FILE = Resources/HealthCardControlKit_Info.plist;
				INSTALL_PATH = "$(LOCAL_LIBRARY_DIR)/Frameworks";
				LD_RUNPATH_SEARCH_PATHS = (
					"$(inherited)",
					"@executable_path/../Frameworks",
				);
				PRODUCT_BUNDLE_IDENTIFIER = "de.gematik.ti.healthcardcontrol.HealthCardControlKit-macOS";
				PRODUCT_NAME = HealthCardControlKit;
				SDKROOT = macosx;
				SKIP_INSTALL = YES;
				VERSIONING_SYSTEM = "apple-generic";
			};
			name = Release;
		};
		89191EBCC853F7604637ACCA /* Debug */ = {
			isa = XCBuildConfiguration;
			buildSettings = {
				BUNDLE_LOADER = "$(TEST_HOST)";
				COMBINE_HIDPI_IMAGES = YES;
				FRAMEWORK_SEARCH_PATHS = (
					"$(inherited)",
					"$(PROJECT_DIR)/Carthage/Build/Mac",
				);
				INFOPLIST_FILE = Resources/HealthCardControlKitTests_Info.plist;
				LD_RUNPATH_SEARCH_PATHS = (
					"$(inherited)",
					"@executable_path/../Frameworks",
					"@loader_path/../Frameworks",
				);
				PRODUCT_BUNDLE_IDENTIFIER = "de.gematik.ti.healthcardcontrol.HealthCardControlKitTests-macOS";
				PRODUCT_NAME = HealthCardControlKitTests;
				SDKROOT = macosx;
			};
			name = Debug;
		};
		98C2305C7967AB729C8DB50D /* Debug */ = {
			isa = XCBuildConfiguration;
			buildSettings = {
				BUNDLE_LOADER = "$(TEST_HOST)";
				FRAMEWORK_SEARCH_PATHS = (
					"$(inherited)",
					"$(PROJECT_DIR)/Carthage/Build/iOS",
				);
				INFOPLIST_FILE = Resources/HealthCardControlKitTests_Info.plist;
				LD_RUNPATH_SEARCH_PATHS = (
					"$(inherited)",
					"@executable_path/Frameworks",
					"@loader_path/Frameworks",
				);
				PRODUCT_BUNDLE_IDENTIFIER = "de.gematik.ti.healthcardcontrol.HealthCardControlKitTests-iOS";
				PRODUCT_NAME = HealthCardControlKitTests;
				SDKROOT = iphoneos;
				TARGETED_DEVICE_FAMILY = "1,2";
			};
			name = Debug;
		};
		A353D09DC993D4CD77925986 /* Debug */ = {
			isa = XCBuildConfiguration;
			buildSettings = {
				CODE_SIGN_IDENTITY = "";
				COMBINE_HIDPI_IMAGES = YES;
				CURRENT_PROJECT_VERSION = 1;
				DEFINES_MODULE = YES;
				DYLIB_COMPATIBILITY_VERSION = 1;
				DYLIB_CURRENT_VERSION = 1;
				DYLIB_INSTALL_NAME_BASE = "@rpath";
				FRAMEWORK_SEARCH_PATHS = (
					"$(inherited)",
					"$(PROJECT_DIR)/Carthage/Build/Mac",
				);
				INFOPLIST_FILE = Resources/HealthCardControlKit_Info.plist;
				INSTALL_PATH = "$(LOCAL_LIBRARY_DIR)/Frameworks";
				LD_RUNPATH_SEARCH_PATHS = (
					"$(inherited)",
					"@executable_path/../Frameworks",
				);
				PRODUCT_BUNDLE_IDENTIFIER = "de.gematik.ti.healthcardcontrol.HealthCardControlKit-macOS";
				PRODUCT_NAME = HealthCardControlKit;
				SDKROOT = macosx;
				SKIP_INSTALL = YES;
				VERSIONING_SYSTEM = "apple-generic";
			};
			name = Debug;
		};
		AEE00596986EF171348F44B2 /* Debug */ = {
			isa = XCBuildConfiguration;
			buildSettings = {
				CODE_SIGN_IDENTITY = "";
				CURRENT_PROJECT_VERSION = 1;
				DEFINES_MODULE = YES;
				DYLIB_COMPATIBILITY_VERSION = 1;
				DYLIB_CURRENT_VERSION = 1;
				DYLIB_INSTALL_NAME_BASE = "@rpath";
				FRAMEWORK_SEARCH_PATHS = (
					"$(inherited)",
					"$(PROJECT_DIR)/Carthage/Build/iOS",
				);
				INFOPLIST_FILE = Resources/HealthCardControlKit_Info.plist;
				INSTALL_PATH = "$(LOCAL_LIBRARY_DIR)/Frameworks";
				LD_RUNPATH_SEARCH_PATHS = (
					"$(inherited)",
					"@executable_path/Frameworks",
				);
				PRODUCT_BUNDLE_IDENTIFIER = "de.gematik.ti.healthcardcontrol.HealthCardControlKit-iOS";
				PRODUCT_NAME = HealthCardControlKit;
				SDKROOT = iphoneos;
				SKIP_INSTALL = YES;
				TARGETED_DEVICE_FAMILY = "1,2";
				VERSIONING_SYSTEM = "apple-generic";
			};
			name = Debug;
		};
		EA8055BF4544CE02740D42B2 /* Debug */ = {
			isa = XCBuildConfiguration;
			buildSettings = {
				ALWAYS_SEARCH_USER_PATHS = NO;
				CLANG_ANALYZER_NONNULL = YES;
				CLANG_ANALYZER_NUMBER_OBJECT_CONVERSION = YES_AGGRESSIVE;
				CLANG_CXX_LANGUAGE_STANDARD = "gnu++14";
				CLANG_CXX_LIBRARY = "libc++";
				CLANG_ENABLE_MODULES = YES;
				CLANG_ENABLE_OBJC_ARC = YES;
				CLANG_WARN_BLOCK_CAPTURE_AUTORELEASING = YES;
				CLANG_WARN_BOOL_CONVERSION = YES;
				CLANG_WARN_COMMA = YES;
				CLANG_WARN_CONSTANT_CONVERSION = YES;
				CLANG_WARN_DEPRECATED_OBJC_IMPLEMENTATIONS = YES;
				CLANG_WARN_DIRECT_OBJC_ISA_USAGE = YES_ERROR;
				CLANG_WARN_DOCUMENTATION_COMMENTS = YES;
				CLANG_WARN_EMPTY_BODY = YES;
				CLANG_WARN_ENUM_CONVERSION = YES;
				CLANG_WARN_INFINITE_RECURSION = YES;
				CLANG_WARN_INT_CONVERSION = YES;
				CLANG_WARN_NON_LITERAL_NULL_CONVERSION = YES;
				CLANG_WARN_OBJC_IMPLICIT_RETAIN_SELF = YES;
				CLANG_WARN_OBJC_LITERAL_CONVERSION = YES;
				CLANG_WARN_OBJC_ROOT_CLASS = YES_ERROR;
				CLANG_WARN_RANGE_LOOP_ANALYSIS = YES;
				CLANG_WARN_STRICT_PROTOTYPES = YES;
				CLANG_WARN_SUSPICIOUS_MOVE = YES;
				CLANG_WARN_UNGUARDED_AVAILABILITY = YES_AGGRESSIVE;
				CLANG_WARN_UNREACHABLE_CODE = YES;
				CLANG_WARN__DUPLICATE_METHOD_MATCH = YES;
				COPY_PHASE_STRIP = NO;
				DEBUG_INFORMATION_FORMAT = dwarf;
				ENABLE_STRICT_OBJC_MSGSEND = YES;
				ENABLE_TESTABILITY = YES;
				FRAMEWORK_SEARCH_PATHS = "$(inherited)";
				GCC_C_LANGUAGE_STANDARD = gnu11;
				GCC_DYNAMIC_NO_PIC = NO;
				GCC_NO_COMMON_BLOCKS = YES;
				GCC_OPTIMIZATION_LEVEL = 0;
				GCC_PREPROCESSOR_DEFINITIONS = (
					"$(inherited)",
					"DEBUG=1",
				);
				GCC_WARN_64_TO_32_BIT_CONVERSION = YES;
				GCC_WARN_ABOUT_RETURN_TYPE = YES_ERROR;
				GCC_WARN_UNDECLARED_SELECTOR = YES;
				GCC_WARN_UNINITIALIZED_AUTOS = YES_AGGRESSIVE;
				GCC_WARN_UNUSED_FUNCTION = YES;
				GCC_WARN_UNUSED_VARIABLE = YES;
				IPHONEOS_DEPLOYMENT_TARGET = 12.1;
				MACOSX_DEPLOYMENT_TARGET = 10.12;
				MTL_ENABLE_DEBUG_INFO = YES;
				ONLY_ACTIVE_ARCH = YES;
				PRODUCT_NAME = "$(TARGET_NAME)";
				SWIFT_ACTIVE_COMPILATION_CONDITIONS = DEBUG;
				SWIFT_COMPILATION_MODE = incremental;
				SWIFT_OPTIMIZATION_LEVEL = "-Onone";
				SWIFT_VERSION = 5.0;
			};
			name = Debug;
		};
/* End XCBuildConfiguration section */

/* Begin XCConfigurationList section */
		76F0B76ECC8F215E023B9680 /* Build configuration list for PBXNativeTarget "HealthCardControlKit_macOS" */ = {
			isa = XCConfigurationList;
			buildConfigurations = (
				A353D09DC993D4CD77925986 /* Debug */,
				77653EADBABAAA3BB5F5E57D /* Release */,
			);
			defaultConfigurationIsVisible = 0;
			defaultConfigurationName = "";
		};
		939EA59F72B55F8C585A2A46 /* Build configuration list for PBXNativeTarget "HealthCardControlKitTests_iOS" */ = {
			isa = XCConfigurationList;
			buildConfigurations = (
				98C2305C7967AB729C8DB50D /* Debug */,
				305A5A6A756656797A9C376A /* Release */,
			);
			defaultConfigurationIsVisible = 0;
			defaultConfigurationName = "";
		};
		97B60B2C7B3FB7DED0652E96 /* Build configuration list for PBXNativeTarget "HealthCardControlKit_iOS" */ = {
			isa = XCConfigurationList;
			buildConfigurations = (
				AEE00596986EF171348F44B2 /* Debug */,
				6B0EA55CE85F0BB6D225DA98 /* Release */,
			);
			defaultConfigurationIsVisible = 0;
			defaultConfigurationName = "";
		};
		D263A7B283E4BC45789862D7 /* Build configuration list for PBXNativeTarget "HealthCardControlKitTests_macOS" */ = {
			isa = XCConfigurationList;
			buildConfigurations = (
				89191EBCC853F7604637ACCA /* Debug */,
				523B5A88B4F72A739DFC6D60 /* Release */,
			);
			defaultConfigurationIsVisible = 0;
			defaultConfigurationName = "";
		};
		FE9660F04DC0828DB4CFF37C /* Build configuration list for PBXProject "HealthCardControlKit" */ = {
			isa = XCConfigurationList;
			buildConfigurations = (
				EA8055BF4544CE02740D42B2 /* Debug */,
				34480DAB36011CEA7CA56249 /* Release */,
			);
			defaultConfigurationIsVisible = 0;
			defaultConfigurationName = Debug;
		};
/* End XCConfigurationList section */
	};
	rootObject = 1967BA3B4D85E51880E660CC /* Project object */;
}
