// !$*UTF8*$!
{
	archiveVersion = 1;
	classes = {
	};
	objectVersion = 50;
	objects = {

/* Begin PBXBuildFile section */
		01CCDDDF80F308C40D0546465F2A0779 /* KeyAgreementTest.swift in Sources */ = {isa = PBXBuildFile; fileRef = F3FCF8BFBB200451625AC6E40E899DBE /* KeyAgreementTest.swift */; };
		073DA9007836ED7B0067865353ED06E6 /* CardReaderAccess.framework in Frameworks */ = {isa = PBXBuildFile; fileRef = 4DCCDDE8E4D0CFBA21C914A33EBA0E6C /* CardReaderAccess.framework */; };
		076D2E994BA83277C7E5196E083EAA6E /* ASN1Kit.framework in Frameworks */ = {isa = PBXBuildFile; fileRef = 9D842F8F03F006E4A77A97E846ACEA19 /* ASN1Kit.framework */; };
		08194F0A762835747ACF3DDD490577B0 /* CardReaderProviderApi.framework in Frameworks */ = {isa = PBXBuildFile; fileRef = BD337F8D00F5132D2C3023DE517D4C51 /* CardReaderProviderApi.framework */; };
		0A93870B7EC555244D1B57D7685B8DFD /* HealthCardAccessKit.framework in Embed Frameworks */ = {isa = PBXBuildFile; fileRef = BDFDBE5DF38F65A902F32B82514F106E /* HealthCardAccessKit.framework */; settings = {ATTRIBUTES = (CodeSignOnCopy, RemoveHeadersOnCopy, ); }; };
		12A82682C27B49AD4509349A4A8018D9 /* Resources.bundle in Resources */ = {isa = PBXBuildFile; fileRef = 5BE49885366A22113FDC12E2045B94B0 /* Resources.bundle */; };
		12DC1BC6B5C85EF5E24B6DA8DE6D3C90 /* EllipticCurve.swift in Sources */ = {isa = PBXBuildFile; fileRef = 50CD43FF055315CA2FCDC4D103ABB5F1 /* EllipticCurve.swift */; };
		13DB0BFD8C2AA74BFE602DA21F5084F5 /* GemCommonsKit.framework in Frameworks */ = {isa = PBXBuildFile; fileRef = 3F91E9888715C7FDD52EBDA8C2006743 /* GemCommonsKit.framework */; };
		15D55D10319E1EF5EEBC744682438AB6 /* HealthCardControlKit.framework in Frameworks */ = {isa = PBXBuildFile; fileRef = DC09AE02146F93FBF52B2A2A9DEA069B /* HealthCardControlKit.framework */; };
		1A9F9841D45663D4F754A3CBDFADCFB5 /* Data+Secure.swift in Sources */ = {isa = PBXBuildFile; fileRef = 88A953827EEB57CFB7F983DB7C69E78E /* Data+Secure.swift */; };
		1B724D7549856350BEE6E7083F48D859 /* DataKit.framework in Frameworks */ = {isa = PBXBuildFile; fileRef = C81ADBCA1359549848E514D1BBB610E2 /* DataKit.framework */; };
		234C6413A04CD8D6AC9C0F2D489D32DC /* BigInt.framework in Embed Frameworks */ = {isa = PBXBuildFile; fileRef = E9670887B1E61223E22651B00FCFFFA4 /* BigInt.framework */; settings = {ATTRIBUTES = (CodeSignOnCopy, RemoveHeadersOnCopy, ); }; };
		23A17997E654F02FC0D07C14A275725C /* Nimble.framework in Embed Frameworks */ = {isa = PBXBuildFile; fileRef = 7EC46D0A6F5AB2DB1F9BBA508DCAF0CE /* Nimble.framework */; settings = {ATTRIBUTES = (CodeSignOnCopy, RemoveHeadersOnCopy, ); }; };
		25F5511FC18F008F94FE06989F8C8EA0 /* ResponseType+Bytes.swift in Sources */ = {isa = PBXBuildFile; fileRef = F561BDC8ADF1D5824722D63AC31F9A49 /* ResponseType+Bytes.swift */; };
		2A68D6B4CFD65DF325718FB0A83F0431 /* CardReaderProviderApi.framework in Frameworks */ = {isa = PBXBuildFile; fileRef = BD337F8D00F5132D2C3023DE517D4C51 /* CardReaderProviderApi.framework */; };
		2E3E473CC11C53B7C37AB1811092E149 /* SecureCardChannel.swift in Sources */ = {isa = PBXBuildFile; fileRef = 33EB82A626B8C24E04169BB9FBC55866 /* SecureCardChannel.swift */; };
		2E56EFE4145E7C9F901665135F12EA9D /* EllipticCurve.swift in Sources */ = {isa = PBXBuildFile; fileRef = 50CD43FF055315CA2FCDC4D103ABB5F1 /* EllipticCurve.swift */; };
		33D5C95CDDBF6757BB106AA0C3C42826 /* Resources.bundle in Resources */ = {isa = PBXBuildFile; fileRef = 5BE49885366A22113FDC12E2045B94B0 /* Resources.bundle */; };
		358761623B3EE5943F43E29BBD6EF001 /* ResponseType+Bytes.swift in Sources */ = {isa = PBXBuildFile; fileRef = F561BDC8ADF1D5824722D63AC31F9A49 /* ResponseType+Bytes.swift */; };
		368E68C98148D9584AEC9FE048FAB9CE /* Nimble.framework in Frameworks */ = {isa = PBXBuildFile; fileRef = 6B6E2886E01B24D67EE309B80ADC36F7 /* Nimble.framework */; };
		36D88DE6B65E38B6E6FF8F43BAB9FCE7 /* HealthCardAccessKit.framework in Frameworks */ = {isa = PBXBuildFile; fileRef = BDFDBE5DF38F65A902F32B82514F106E /* HealthCardAccessKit.framework */; };
		371C6175DDAF2DB9F53EF50FC20EE179 /* AESTests.swift in Sources */ = {isa = PBXBuildFile; fileRef = F31938CCD5DEB220569FA012C2068A21 /* AESTests.swift */; };
		382E51CF0CA6E0335A7FE130C10153ED /* ECPointTest.swift in Sources */ = {isa = PBXBuildFile; fileRef = 51E1ADB384F3D0ACE4C844F411F46EC4 /* ECPointTest.swift */; };
		38DC6C164A55A40457742A32D42C8CB2 /* BigInt.framework in Frameworks */ = {isa = PBXBuildFile; fileRef = E9670887B1E61223E22651B00FCFFFA4 /* BigInt.framework */; };
		3DC95A9D1AC20DD4BF8AB16483444E2F /* KeyDerivationFunction.swift in Sources */ = {isa = PBXBuildFile; fileRef = 025D905E08720FEF4C7042E6A0552E10 /* KeyDerivationFunction.swift */; };
		3ECBA5730BB8B7EE50731AEB04AA893C /* CardChannelType+Version.swift in Sources */ = {isa = PBXBuildFile; fileRef = 391135395A1CDEB35EA5E6220300244B /* CardChannelType+Version.swift */; };
		496200680885798723458EF7C09370DE /* SecureCardChannel.swift in Sources */ = {isa = PBXBuildFile; fileRef = 33EB82A626B8C24E04169BB9FBC55866 /* SecureCardChannel.swift */; };
		4CA183E977DFB927E1A95B51C456515F /* AES128PaceKey.swift in Sources */ = {isa = PBXBuildFile; fileRef = 3F8743B902A8560D98E97842687D367A /* AES128PaceKey.swift */; };
		5045F0F80EAB68F01EFC8457A841613A /* CardType+SecureMessaging.swift in Sources */ = {isa = PBXBuildFile; fileRef = B48B1F61D59C2B666C834E6634BF051F /* CardType+SecureMessaging.swift */; };
		516BF59EEC23F1441E3CFA1EB78F9F10 /* KeyAgreementTest.swift in Sources */ = {isa = PBXBuildFile; fileRef = F3FCF8BFBB200451625AC6E40E899DBE /* KeyAgreementTest.swift */; };
		55164B580D8A8CE37826739474C03E87 /* ECPointTest.swift in Sources */ = {isa = PBXBuildFile; fileRef = 51E1ADB384F3D0ACE4C844F411F46EC4 /* ECPointTest.swift */; };
		5893E218CFD94CF8931EBC2E17DD60EA /* CardReaderAccess.framework in Embed Frameworks */ = {isa = PBXBuildFile; fileRef = 4DCCDDE8E4D0CFBA21C914A33EBA0E6C /* CardReaderAccess.framework */; settings = {ATTRIBUTES = (CodeSignOnCopy, RemoveHeadersOnCopy, ); }; };
		5A219F42F6BBFDDBB24FC18CCDB65E2D /* ASN1Kit.framework in Embed Frameworks */ = {isa = PBXBuildFile; fileRef = 9D842F8F03F006E4A77A97E846ACEA19 /* ASN1Kit.framework */; settings = {ATTRIBUTES = (CodeSignOnCopy, RemoveHeadersOnCopy, ); }; };
		5AA2152E2B27CC787639095D5EF993CB /* EcdhKeyPairGeneratorTest.swift in Sources */ = {isa = PBXBuildFile; fileRef = A3D33C69B26F7C8EA1C9C3426C5D9915 /* EcdhKeyPairGeneratorTest.swift */; };
		5D295ACB5C7CD67C5B006E3EAC90C9ED /* CardReaderProviderApi.framework in Embed Frameworks */ = {isa = PBXBuildFile; fileRef = BD337F8D00F5132D2C3023DE517D4C51 /* CardReaderProviderApi.framework */; settings = {ATTRIBUTES = (CodeSignOnCopy, RemoveHeadersOnCopy, ); }; };
		5E649341A31FFFC4571735031BB55B02 /* DataKit.framework in Frameworks */ = {isa = PBXBuildFile; fileRef = 74061A0878FBBAA716AF077ED46ED756 /* DataKit.framework */; };
		5E8FAC819B1865C491A00E3016D248FC /* BigInt+DataConversion.swift in Sources */ = {isa = PBXBuildFile; fileRef = 38F2F06C3A8AD91D44AE074E85378FA3 /* BigInt+DataConversion.swift */; };
		60A0F34AF84519099AA965868C80F46F /* EllipticCurveTest.swift in Sources */ = {isa = PBXBuildFile; fileRef = 457683815EE96DE1B8A3941DCB30FE43 /* EllipticCurveTest.swift */; };
		63656EB3C58C5FBC0751B0CBD72E9B67 /* DataKit.framework in Frameworks */ = {isa = PBXBuildFile; fileRef = C81ADBCA1359549848E514D1BBB610E2 /* DataKit.framework */; };
		641EB3EC50D177429A7CBB9FBB24E7F4 /* HealthCardControlKit.framework in Frameworks */ = {isa = PBXBuildFile; fileRef = E685F86D48314A60B0354879E61031A8 /* HealthCardControlKit.framework */; };
		6A12F78F4D74A7F47BEBCB41F94A4649 /* CardReaderProviderApi.framework in Embed Frameworks */ = {isa = PBXBuildFile; fileRef = 7C6759349C4ADA031E8936527842A8C0 /* CardReaderProviderApi.framework */; settings = {ATTRIBUTES = (CodeSignOnCopy, RemoveHeadersOnCopy, ); }; };
		6A2E41CEA8D2023613492E4F86C9AC5E /* BigInt+DataConversion.swift in Sources */ = {isa = PBXBuildFile; fileRef = 38F2F06C3A8AD91D44AE074E85378FA3 /* BigInt+DataConversion.swift */; };
		6A414300F1C43848311DBD0783CBFC9A /* SecureHealthCard.swift in Sources */ = {isa = PBXBuildFile; fileRef = CD6D84FE78EB38F9FD5851072FBC70CE /* SecureHealthCard.swift */; };
		6B101542C3E6A21EE3759D0B21663D21 /* HealthCardType+EfCardAccess.swift in Sources */ = {isa = PBXBuildFile; fileRef = 03B6D9D3C840D2C61D5D72C2FA873510 /* HealthCardType+EfCardAccess.swift */; };
		6F604909FEEB428DFD7B12A97118E21B /* GemCommonsKit.framework in Embed Frameworks */ = {isa = PBXBuildFile; fileRef = 3F91E9888715C7FDD52EBDA8C2006743 /* GemCommonsKit.framework */; settings = {ATTRIBUTES = (CodeSignOnCopy, RemoveHeadersOnCopy, ); }; };
		72AFD53FC1E8C33ED1324020A3A30695 /* SecureHealthCard.swift in Sources */ = {isa = PBXBuildFile; fileRef = CD6D84FE78EB38F9FD5851072FBC70CE /* SecureHealthCard.swift */; };
		757841B511D9F9229105B0101F01F2C7 /* ASN1Kit.framework in Frameworks */ = {isa = PBXBuildFile; fileRef = 45CE014CFF6429D48A17521221CFF557 /* ASN1Kit.framework */; };
		795F18005B7D5839C3A6F0E13BAE19E9 /* CardReaderAccess.framework in Embed Frameworks */ = {isa = PBXBuildFile; fileRef = B2B14A0AF0B7AC5E19C371D9AB79B290 /* CardReaderAccess.framework */; settings = {ATTRIBUTES = (CodeSignOnCopy, RemoveHeadersOnCopy, ); }; };
		7BB76816B56B79E8E53B101BB8B512AA /* CardReaderProviderApi.framework in Frameworks */ = {isa = PBXBuildFile; fileRef = 7C6759349C4ADA031E8936527842A8C0 /* CardReaderProviderApi.framework */; };
		7C13AD08978F35538E107457B48461B6 /* EcdhKeyPair.swift in Sources */ = {isa = PBXBuildFile; fileRef = E9A2306D7A4C68D35933DE9E8B4318DB /* EcdhKeyPair.swift */; };
		8270944B81BB1C674030D8E17C0D74BD /* HealthCardAccessKit.framework in Frameworks */ = {isa = PBXBuildFile; fileRef = 828CC75F179F87A8E3A102DF6BEF2B8E /* HealthCardAccessKit.framework */; };
		8392524B152992B52C2654ED8B1178C7 /* HealthCardAccessKit.framework in Frameworks */ = {isa = PBXBuildFile; fileRef = 828CC75F179F87A8E3A102DF6BEF2B8E /* HealthCardAccessKit.framework */; };
		88830E69B164174184FB74A46D81571A /* KeyAgreement.swift in Sources */ = {isa = PBXBuildFile; fileRef = D9E16542DDD08B2975BB17F9EFA75D5A /* KeyAgreement.swift */; };
		90A89A67495A067CD218DDBC5C203D05 /* HealthCardType+EfCardAccess.swift in Sources */ = {isa = PBXBuildFile; fileRef = 03B6D9D3C840D2C61D5D72C2FA873510 /* HealthCardType+EfCardAccess.swift */; };
		9108C57A066A95A8ACF646AEA442A092 /* DataKit.framework in Embed Frameworks */ = {isa = PBXBuildFile; fileRef = 74061A0878FBBAA716AF077ED46ED756 /* DataKit.framework */; settings = {ATTRIBUTES = (CodeSignOnCopy, RemoveHeadersOnCopy, ); }; };
		91A9620FE760A519344C360A97862288 /* AES128PaceKeyTest.swift in Sources */ = {isa = PBXBuildFile; fileRef = 929D6A1C5A069643684D7E50E03147E6 /* AES128PaceKeyTest.swift */; };
		91DD841A329E2326387AA9235E1AAC6C /* EcdhKeyPair.swift in Sources */ = {isa = PBXBuildFile; fileRef = E9A2306D7A4C68D35933DE9E8B4318DB /* EcdhKeyPair.swift */; };
		927DAE434C998C457999EC3DE0F77A89 /* BigInt.framework in Frameworks */ = {isa = PBXBuildFile; fileRef = E9670887B1E61223E22651B00FCFFFA4 /* BigInt.framework */; };
		986582421909B8149EDA48EDF117391D /* HealthCardControlKit.framework in Embed Frameworks */ = {isa = PBXBuildFile; fileRef = DC09AE02146F93FBF52B2A2A9DEA069B /* HealthCardControlKit.framework */; settings = {ATTRIBUTES = (CodeSignOnCopy, RemoveHeadersOnCopy, ); }; };
		9972052E5E7E3F4E1EB34316DDBFF3FF /* CardReaderProviderApi.framework in Frameworks */ = {isa = PBXBuildFile; fileRef = 7C6759349C4ADA031E8936527842A8C0 /* CardReaderProviderApi.framework */; };
		9A9D9D71673FFBCDDE15755DF8593790 /* EcdhKeyPairGeneratorTest.swift in Sources */ = {isa = PBXBuildFile; fileRef = A3D33C69B26F7C8EA1C9C3426C5D9915 /* EcdhKeyPairGeneratorTest.swift */; };
		9CEC2DE301E95AA088C815071F196353 /* ECPoint.swift in Sources */ = {isa = PBXBuildFile; fileRef = E194E366725CFABE47D541047F631C1D /* ECPoint.swift */; };
		A13300F4081A6E455FD31FD65F7070EA /* BigInt.framework in Frameworks */ = {isa = PBXBuildFile; fileRef = 6521A4F84E1186293EF978E7A0A3FEDB /* BigInt.framework */; };
		A1869168C8C2C75BA85A295AD75AF079 /* EcdhKeyPairGenerator.swift in Sources */ = {isa = PBXBuildFile; fileRef = EA9625D92526BDAAB47EC21B1EEE3E14 /* EcdhKeyPairGenerator.swift */; };
		A3B0EE26BD66774900B7B2137C10AED5 /* SecureMessaging.swift in Sources */ = {isa = PBXBuildFile; fileRef = 0CB1F34574BFA367394CB321233C48A3 /* SecureMessaging.swift */; };
		A563B60EA9812EBA89324742105D65D5 /* BigInt.framework in Frameworks */ = {isa = PBXBuildFile; fileRef = 6521A4F84E1186293EF978E7A0A3FEDB /* BigInt.framework */; };
		A6FF029C34DE71C569CBBC8740716A39 /* BigIntExt.framework in Frameworks */ = {isa = PBXBuildFile; fileRef = CB46862E71523FBD994EB2CEB818A149 /* BigIntExt.framework */; };
		A71FA6DA1DA5199592A2A8AD48EBB0AF /* AESTests.swift in Sources */ = {isa = PBXBuildFile; fileRef = F31938CCD5DEB220569FA012C2068A21 /* AESTests.swift */; };
		A7CAAC785901B65A8E1677FE4EA94E6F /* AES128PaceKeyTest.swift in Sources */ = {isa = PBXBuildFile; fileRef = 929D6A1C5A069643684D7E50E03147E6 /* AES128PaceKeyTest.swift */; };
		A8A10D10257D7665D35ED5F5C18B120A /* Data+Secure.swift in Sources */ = {isa = PBXBuildFile; fileRef = 88A953827EEB57CFB7F983DB7C69E78E /* Data+Secure.swift */; };
		AA1B75400301687C087F7E1F6C3C5933 /* BigIntExt.framework in Frameworks */ = {isa = PBXBuildFile; fileRef = 3CF2F7D9F64A7838AA1602E66306031A /* BigIntExt.framework */; };
		AC94F45DB5AF7FEEB6F42EFB80F4D548 /* HealthCardControlKit.framework in Embed Frameworks */ = {isa = PBXBuildFile; fileRef = E685F86D48314A60B0354879E61031A8 /* HealthCardControlKit.framework */; settings = {ATTRIBUTES = (CodeSignOnCopy, RemoveHeadersOnCopy, ); }; };
		AD95B93D3F967BA27DECA7F8416AAAA3 /* CardReaderAccess.framework in Frameworks */ = {isa = PBXBuildFile; fileRef = B2B14A0AF0B7AC5E19C371D9AB79B290 /* CardReaderAccess.framework */; };
		AEE2385D5F8FA9308DE60C52B7CBEC87 /* DataSecureTest.swift in Sources */ = {isa = PBXBuildFile; fileRef = 5E63084913AFAD6EF2004BCD0F78A290 /* DataSecureTest.swift */; };
		B2BD3D489ABA489066BF448062A8D5C0 /* ECPoint.swift in Sources */ = {isa = PBXBuildFile; fileRef = E194E366725CFABE47D541047F631C1D /* ECPoint.swift */; };
		B365E05746357ED0030C3E6BB2AACD28 /* AES.swift in Sources */ = {isa = PBXBuildFile; fileRef = 546DF03F8BF0DEA67B167B1B92E503CB /* AES.swift */; };
		B56DBA19436106BB47303AC9C0B5A291 /* GemCommonsKit.framework in Frameworks */ = {isa = PBXBuildFile; fileRef = E4A0BACCA5BCE62FF66DF8D743B0A1BD /* GemCommonsKit.framework */; };
		B5FFC241ED578AA15A963F8A4F1ED615 /* GemCommonsKit.framework in Embed Frameworks */ = {isa = PBXBuildFile; fileRef = E4A0BACCA5BCE62FF66DF8D743B0A1BD /* GemCommonsKit.framework */; settings = {ATTRIBUTES = (CodeSignOnCopy, RemoveHeadersOnCopy, ); }; };
		B87460607F3A5F5B416E17CA6C9AE6C1 /* BigInt.framework in Frameworks */ = {isa = PBXBuildFile; fileRef = 6521A4F84E1186293EF978E7A0A3FEDB /* BigInt.framework */; };
		BA0B3F626B2BF49112D0752FD70BB9FA /* KeyDerivationFunctionTest.swift in Sources */ = {isa = PBXBuildFile; fileRef = 1C351779B9A99B591E0385ACBD28F8DD /* KeyDerivationFunctionTest.swift */; };
		BA3CE30667F5536875FC5BBDF3D0DE51 /* EcdhKeyPairGenerator.swift in Sources */ = {isa = PBXBuildFile; fileRef = EA9625D92526BDAAB47EC21B1EEE3E14 /* EcdhKeyPairGenerator.swift */; };
		BD34F7275C2D49416066CE3A8D4D1BD6 /* AES.swift in Sources */ = {isa = PBXBuildFile; fileRef = 546DF03F8BF0DEA67B167B1B92E503CB /* AES.swift */; };
		BF207BDD025443BC85F68D194F7FD422 /* XCTestManifests.swift in Sources */ = {isa = PBXBuildFile; fileRef = 88A5FCD711C16139D0AE245927920880 /* XCTestManifests.swift */; };
		C040743D551EEABE66356B4AFEFC97D0 /* Nimble.framework in Frameworks */ = {isa = PBXBuildFile; fileRef = 7EC46D0A6F5AB2DB1F9BBA508DCAF0CE /* Nimble.framework */; };
		C5C024FA6BA11772F114EFF215523DE3 /* DataKit.framework in Embed Frameworks */ = {isa = PBXBuildFile; fileRef = C81ADBCA1359549848E514D1BBB610E2 /* DataKit.framework */; settings = {ATTRIBUTES = (CodeSignOnCopy, RemoveHeadersOnCopy, ); }; };
		C944CFB7D9E042B84627B46DDA3DCD28 /* CardChannelType+Version.swift in Sources */ = {isa = PBXBuildFile; fileRef = 391135395A1CDEB35EA5E6220300244B /* CardChannelType+Version.swift */; };
		C9765CD677C8224C584EB9C09EADA55E /* AES128PaceKey.swift in Sources */ = {isa = PBXBuildFile; fileRef = 3F8743B902A8560D98E97842687D367A /* AES128PaceKey.swift */; };
		CBFC14304FE2D4441823B91584019538 /* DataSecureTest.swift in Sources */ = {isa = PBXBuildFile; fileRef = 5E63084913AFAD6EF2004BCD0F78A290 /* DataSecureTest.swift */; };
		CE7308792AE063971D3299303BB56AA8 /* KeyDerivationFunction.swift in Sources */ = {isa = PBXBuildFile; fileRef = 025D905E08720FEF4C7042E6A0552E10 /* KeyDerivationFunction.swift */; };
		D43C4588456A490D82F2F2662974FCCB /* Nimble.framework in Embed Frameworks */ = {isa = PBXBuildFile; fileRef = 6B6E2886E01B24D67EE309B80ADC36F7 /* Nimble.framework */; settings = {ATTRIBUTES = (CodeSignOnCopy, RemoveHeadersOnCopy, ); }; };
		D44CA878B51C2F4759B58AFA22A33ADE /* HealthCardAccessKit.framework in Embed Frameworks */ = {isa = PBXBuildFile; fileRef = 828CC75F179F87A8E3A102DF6BEF2B8E /* HealthCardAccessKit.framework */; settings = {ATTRIBUTES = (CodeSignOnCopy, RemoveHeadersOnCopy, ); }; };
		D5230C9FA3A0607031F994735C7B6C03 /* ASN1Kit.framework in Embed Frameworks */ = {isa = PBXBuildFile; fileRef = 45CE014CFF6429D48A17521221CFF557 /* ASN1Kit.framework */; settings = {ATTRIBUTES = (CodeSignOnCopy, RemoveHeadersOnCopy, ); }; };
		D66F1262E79B3AFA1249D5AA9AE3F9C0 /* BigInt.framework in Frameworks */ = {isa = PBXBuildFile; fileRef = E9670887B1E61223E22651B00FCFFFA4 /* BigInt.framework */; };
		DB6A2A5A9FF81E6979D7D5489EDA3F2F /* CardReaderAccess.framework in Frameworks */ = {isa = PBXBuildFile; fileRef = B2B14A0AF0B7AC5E19C371D9AB79B290 /* CardReaderAccess.framework */; };
		E25B89E70F28140E5C0DC6B510EB7B7C /* HealthCardAccessKit.framework in Frameworks */ = {isa = PBXBuildFile; fileRef = BDFDBE5DF38F65A902F32B82514F106E /* HealthCardAccessKit.framework */; };
		E37B688D7913A5CC6DF46ABAF423CA0D /* KeyDerivationFunctionTest.swift in Sources */ = {isa = PBXBuildFile; fileRef = 1C351779B9A99B591E0385ACBD28F8DD /* KeyDerivationFunctionTest.swift */; };
		E7709D638F7BEC0416B2A0756CEA3DEB /* XCTestManifests.swift in Sources */ = {isa = PBXBuildFile; fileRef = 88A5FCD711C16139D0AE245927920880 /* XCTestManifests.swift */; };
		E892BFCA4D4A65522480A4C55C7B2262 /* EllipticCurveTest.swift in Sources */ = {isa = PBXBuildFile; fileRef = 457683815EE96DE1B8A3941DCB30FE43 /* EllipticCurveTest.swift */; };
		EE1CAA767D5F955A2DE2922DD3C6AD26 /* KeyAgreement.swift in Sources */ = {isa = PBXBuildFile; fileRef = D9E16542DDD08B2975BB17F9EFA75D5A /* KeyAgreement.swift */; };
		F204B26F56F7EE0C30D5E9D00B823FCC /* BigInt.framework in Embed Frameworks */ = {isa = PBXBuildFile; fileRef = 6521A4F84E1186293EF978E7A0A3FEDB /* BigInt.framework */; settings = {ATTRIBUTES = (CodeSignOnCopy, RemoveHeadersOnCopy, ); }; };
		F40496B1AFD85AD935FD98773E9DD469 /* SecureMessaging.swift in Sources */ = {isa = PBXBuildFile; fileRef = 0CB1F34574BFA367394CB321233C48A3 /* SecureMessaging.swift */; };
		FB133A55080EC7E415EC6C41C1AA5FC0 /* CardReaderAccess.framework in Frameworks */ = {isa = PBXBuildFile; fileRef = 4DCCDDE8E4D0CFBA21C914A33EBA0E6C /* CardReaderAccess.framework */; };
		FB5BA7501B8064BE8F06415ECE6D6C8A /* DataKit.framework in Frameworks */ = {isa = PBXBuildFile; fileRef = 74061A0878FBBAA716AF077ED46ED756 /* DataKit.framework */; };
		FD767AA0B48BA5725BE67076A494B407 /* CardType+SecureMessaging.swift in Sources */ = {isa = PBXBuildFile; fileRef = B48B1F61D59C2B666C834E6634BF051F /* CardType+SecureMessaging.swift */; };
/* End PBXBuildFile section */

/* Begin PBXContainerItemProxy section */
		1EF9830F3A79DBAC69597594F7A9171D /* PBXContainerItemProxy */ = {
			isa = PBXContainerItemProxy;
			containerPortal = 1967BA3B4D85E51880E660CCF0F0576B /* Project object */;
			proxyType = 1;
			remoteGlobalIDString = 4BEE84822B3D84214F491B0802B57E27;
			remoteInfo = HealthCardControlKit_iOS;
		};
		7DC0ADB23CAAB495E8F059CE63F0A1D9 /* PBXContainerItemProxy */ = {
			isa = PBXContainerItemProxy;
			containerPortal = 1967BA3B4D85E51880E660CCF0F0576B /* Project object */;
			proxyType = 1;
			remoteGlobalIDString = FACE2AB5FF64F9E80B85681B6F6B8686;
			remoteInfo = BigIntExt_iOS;
		};
		F2936CA11ABAA7C33FF528CA0E8F2611 /* PBXContainerItemProxy */ = {
			isa = PBXContainerItemProxy;
			containerPortal = 1967BA3B4D85E51880E660CCF0F0576B /* Project object */;
			proxyType = 1;
			remoteGlobalIDString = F28C7C304F8FEC2A540D26FBC9FC7CBA;
			remoteInfo = HealthCardControlKit_macOS;
		};
		FBDB642D7231C5BDDFC47608644ED3AE /* PBXContainerItemProxy */ = {
			isa = PBXContainerItemProxy;
			containerPortal = 1967BA3B4D85E51880E660CCF0F0576B /* Project object */;
			proxyType = 1;
			remoteGlobalIDString = 0E3DC3955CBC351B672D473F5481949E;
			remoteInfo = BigIntExt_macOS;
		};
/* End PBXContainerItemProxy section */

/* Begin PBXCopyFilesBuildPhase section */
		4B0254DDD2029BE60F7BAC295EE93C8D /* Embed Frameworks */ = {
			isa = PBXCopyFilesBuildPhase;
			buildActionMask = 2147483647;
			dstPath = "";
			dstSubfolderSpec = 10;
			files = (
				AC94F45DB5AF7FEEB6F42EFB80F4D548 /* HealthCardControlKit.framework in Embed Frameworks */,
				5A219F42F6BBFDDBB24FC18CCDB65E2D /* ASN1Kit.framework in Embed Frameworks */,
				234C6413A04CD8D6AC9C0F2D489D32DC /* BigInt.framework in Embed Frameworks */,
				5893E218CFD94CF8931EBC2E17DD60EA /* CardReaderAccess.framework in Embed Frameworks */,
				5D295ACB5C7CD67C5B006E3EAC90C9ED /* CardReaderProviderApi.framework in Embed Frameworks */,
				C5C024FA6BA11772F114EFF215523DE3 /* DataKit.framework in Embed Frameworks */,
				B5FFC241ED578AA15A963F8A4F1ED615 /* GemCommonsKit.framework in Embed Frameworks */,
				D44CA878B51C2F4759B58AFA22A33ADE /* HealthCardAccessKit.framework in Embed Frameworks */,
				D43C4588456A490D82F2F2662974FCCB /* Nimble.framework in Embed Frameworks */,
			);
			name = "Embed Frameworks";
			runOnlyForDeploymentPostprocessing = 0;
		};
		875CBD9FCC44A3BE04159285428960E4 /* Embed Frameworks */ = {
			isa = PBXCopyFilesBuildPhase;
			buildActionMask = 2147483647;
			dstPath = "";
			dstSubfolderSpec = 10;
			files = (
				986582421909B8149EDA48EDF117391D /* HealthCardControlKit.framework in Embed Frameworks */,
				D5230C9FA3A0607031F994735C7B6C03 /* ASN1Kit.framework in Embed Frameworks */,
				F204B26F56F7EE0C30D5E9D00B823FCC /* BigInt.framework in Embed Frameworks */,
				795F18005B7D5839C3A6F0E13BAE19E9 /* CardReaderAccess.framework in Embed Frameworks */,
				6A12F78F4D74A7F47BEBCB41F94A4649 /* CardReaderProviderApi.framework in Embed Frameworks */,
				9108C57A066A95A8ACF646AEA442A092 /* DataKit.framework in Embed Frameworks */,
				6F604909FEEB428DFD7B12A97118E21B /* GemCommonsKit.framework in Embed Frameworks */,
				0A93870B7EC555244D1B57D7685B8DFD /* HealthCardAccessKit.framework in Embed Frameworks */,
				23A17997E654F02FC0D07C14A275725C /* Nimble.framework in Embed Frameworks */,
			);
			name = "Embed Frameworks";
			runOnlyForDeploymentPostprocessing = 0;
		};
/* End PBXCopyFilesBuildPhase section */

/* Begin PBXFileReference section */
		025D905E08720FEF4C7042E6A0552E10 /* KeyDerivationFunction.swift */ = {isa = PBXFileReference; lastKnownFileType = sourcecode.swift; path = KeyDerivationFunction.swift; sourceTree = "<group>"; };
		03B6D9D3C840D2C61D5D72C2FA873510 /* HealthCardType+EfCardAccess.swift */ = {isa = PBXFileReference; lastKnownFileType = sourcecode.swift; path = "HealthCardType+EfCardAccess.swift"; sourceTree = "<group>"; };
		0CB1F34574BFA367394CB321233C48A3 /* SecureMessaging.swift */ = {isa = PBXFileReference; lastKnownFileType = sourcecode.swift; path = SecureMessaging.swift; sourceTree = "<group>"; };
		1C351779B9A99B591E0385ACBD28F8DD /* KeyDerivationFunctionTest.swift */ = {isa = PBXFileReference; lastKnownFileType = sourcecode.swift; path = KeyDerivationFunctionTest.swift; sourceTree = "<group>"; };
		33EB82A626B8C24E04169BB9FBC55866 /* SecureCardChannel.swift */ = {isa = PBXFileReference; lastKnownFileType = sourcecode.swift; path = SecureCardChannel.swift; sourceTree = "<group>"; };
		38F2F06C3A8AD91D44AE074E85378FA3 /* BigInt+DataConversion.swift */ = {isa = PBXFileReference; lastKnownFileType = sourcecode.swift; path = "BigInt+DataConversion.swift"; sourceTree = "<group>"; };
		391135395A1CDEB35EA5E6220300244B /* CardChannelType+Version.swift */ = {isa = PBXFileReference; lastKnownFileType = sourcecode.swift; path = "CardChannelType+Version.swift"; sourceTree = "<group>"; };
		3CF2F7D9F64A7838AA1602E66306031A /* BigIntExt.framework */ = {isa = PBXFileReference; explicitFileType = wrapper.framework; includeInIndex = 0; path = BigIntExt.framework; sourceTree = BUILT_PRODUCTS_DIR; };
		3F8743B902A8560D98E97842687D367A /* AES128PaceKey.swift */ = {isa = PBXFileReference; lastKnownFileType = sourcecode.swift; path = AES128PaceKey.swift; sourceTree = "<group>"; };
		3F91E9888715C7FDD52EBDA8C2006743 /* GemCommonsKit.framework */ = {isa = PBXFileReference; lastKnownFileType = wrapper.framework; path = GemCommonsKit.framework; sourceTree = "<group>"; };
		457683815EE96DE1B8A3941DCB30FE43 /* EllipticCurveTest.swift */ = {isa = PBXFileReference; lastKnownFileType = sourcecode.swift; path = EllipticCurveTest.swift; sourceTree = "<group>"; };
		45CE014CFF6429D48A17521221CFF557 /* ASN1Kit.framework */ = {isa = PBXFileReference; lastKnownFileType = wrapper.framework; path = ASN1Kit.framework; sourceTree = "<group>"; };
		4DCCDDE8E4D0CFBA21C914A33EBA0E6C /* CardReaderAccess.framework */ = {isa = PBXFileReference; lastKnownFileType = wrapper.framework; path = CardReaderAccess.framework; sourceTree = "<group>"; };
		50CD43FF055315CA2FCDC4D103ABB5F1 /* EllipticCurve.swift */ = {isa = PBXFileReference; lastKnownFileType = sourcecode.swift; path = EllipticCurve.swift; sourceTree = "<group>"; };
		51E1ADB384F3D0ACE4C844F411F46EC4 /* ECPointTest.swift */ = {isa = PBXFileReference; lastKnownFileType = sourcecode.swift; path = ECPointTest.swift; sourceTree = "<group>"; };
		546DF03F8BF0DEA67B167B1B92E503CB /* AES.swift */ = {isa = PBXFileReference; lastKnownFileType = sourcecode.swift; path = AES.swift; sourceTree = "<group>"; };
		5BE49885366A22113FDC12E2045B94B0 /* Resources.bundle */ = {isa = PBXFileReference; lastKnownFileType = "wrapper.plug-in"; path = Resources.bundle; sourceTree = "<group>"; };
		5E63084913AFAD6EF2004BCD0F78A290 /* DataSecureTest.swift */ = {isa = PBXFileReference; lastKnownFileType = sourcecode.swift; path = DataSecureTest.swift; sourceTree = "<group>"; };
		6113FE854647159C9D20AAEA2BECFFD2 /* HealthCardControlKitTests.xctest */ = {isa = PBXFileReference; includeInIndex = 0; lastKnownFileType = wrapper.cfbundle; path = HealthCardControlKitTests.xctest; sourceTree = BUILT_PRODUCTS_DIR; };
		6521A4F84E1186293EF978E7A0A3FEDB /* BigInt.framework */ = {isa = PBXFileReference; lastKnownFileType = wrapper.framework; path = BigInt.framework; sourceTree = "<group>"; };
		6B6E2886E01B24D67EE309B80ADC36F7 /* Nimble.framework */ = {isa = PBXFileReference; lastKnownFileType = wrapper.framework; path = Nimble.framework; sourceTree = "<group>"; };
		74061A0878FBBAA716AF077ED46ED756 /* DataKit.framework */ = {isa = PBXFileReference; lastKnownFileType = wrapper.framework; path = DataKit.framework; sourceTree = "<group>"; };
		7C6759349C4ADA031E8936527842A8C0 /* CardReaderProviderApi.framework */ = {isa = PBXFileReference; lastKnownFileType = wrapper.framework; path = CardReaderProviderApi.framework; sourceTree = "<group>"; };
		7DA7C4075A79093A2E62D6EB64E203CB /* HealthCardControlKitTests.xctest */ = {isa = PBXFileReference; explicitFileType = wrapper.cfbundle; includeInIndex = 0; path = HealthCardControlKitTests.xctest; sourceTree = BUILT_PRODUCTS_DIR; };
		7EC46D0A6F5AB2DB1F9BBA508DCAF0CE /* Nimble.framework */ = {isa = PBXFileReference; lastKnownFileType = wrapper.framework; path = Nimble.framework; sourceTree = "<group>"; };
		828CC75F179F87A8E3A102DF6BEF2B8E /* HealthCardAccessKit.framework */ = {isa = PBXFileReference; lastKnownFileType = wrapper.framework; path = HealthCardAccessKit.framework; sourceTree = "<group>"; };
		88A5FCD711C16139D0AE245927920880 /* XCTestManifests.swift */ = {isa = PBXFileReference; lastKnownFileType = sourcecode.swift; path = XCTestManifests.swift; sourceTree = "<group>"; };
		88A953827EEB57CFB7F983DB7C69E78E /* Data+Secure.swift */ = {isa = PBXFileReference; lastKnownFileType = sourcecode.swift; path = "Data+Secure.swift"; sourceTree = "<group>"; };
		929D6A1C5A069643684D7E50E03147E6 /* AES128PaceKeyTest.swift */ = {isa = PBXFileReference; lastKnownFileType = sourcecode.swift; path = AES128PaceKeyTest.swift; sourceTree = "<group>"; };
		9D842F8F03F006E4A77A97E846ACEA19 /* ASN1Kit.framework */ = {isa = PBXFileReference; lastKnownFileType = wrapper.framework; path = ASN1Kit.framework; sourceTree = "<group>"; };
		A3D33C69B26F7C8EA1C9C3426C5D9915 /* EcdhKeyPairGeneratorTest.swift */ = {isa = PBXFileReference; lastKnownFileType = sourcecode.swift; path = EcdhKeyPairGeneratorTest.swift; sourceTree = "<group>"; };
		B2B14A0AF0B7AC5E19C371D9AB79B290 /* CardReaderAccess.framework */ = {isa = PBXFileReference; lastKnownFileType = wrapper.framework; path = CardReaderAccess.framework; sourceTree = "<group>"; };
		B48B1F61D59C2B666C834E6634BF051F /* CardType+SecureMessaging.swift */ = {isa = PBXFileReference; lastKnownFileType = sourcecode.swift; path = "CardType+SecureMessaging.swift"; sourceTree = "<group>"; };
		BD337F8D00F5132D2C3023DE517D4C51 /* CardReaderProviderApi.framework */ = {isa = PBXFileReference; lastKnownFileType = wrapper.framework; path = CardReaderProviderApi.framework; sourceTree = "<group>"; };
		BDFDBE5DF38F65A902F32B82514F106E /* HealthCardAccessKit.framework */ = {isa = PBXFileReference; lastKnownFileType = wrapper.framework; path = HealthCardAccessKit.framework; sourceTree = "<group>"; };
		C81ADBCA1359549848E514D1BBB610E2 /* DataKit.framework */ = {isa = PBXFileReference; lastKnownFileType = wrapper.framework; path = DataKit.framework; sourceTree = "<group>"; };
		CB46862E71523FBD994EB2CEB818A149 /* BigIntExt.framework */ = {isa = PBXFileReference; explicitFileType = wrapper.framework; includeInIndex = 0; path = BigIntExt.framework; sourceTree = BUILT_PRODUCTS_DIR; };
		CD6D84FE78EB38F9FD5851072FBC70CE /* SecureHealthCard.swift */ = {isa = PBXFileReference; lastKnownFileType = sourcecode.swift; path = SecureHealthCard.swift; sourceTree = "<group>"; };
		D9E16542DDD08B2975BB17F9EFA75D5A /* KeyAgreement.swift */ = {isa = PBXFileReference; lastKnownFileType = sourcecode.swift; path = KeyAgreement.swift; sourceTree = "<group>"; };
		DC09AE02146F93FBF52B2A2A9DEA069B /* HealthCardControlKit.framework */ = {isa = PBXFileReference; explicitFileType = wrapper.framework; includeInIndex = 0; path = HealthCardControlKit.framework; sourceTree = BUILT_PRODUCTS_DIR; };
		E194E366725CFABE47D541047F631C1D /* ECPoint.swift */ = {isa = PBXFileReference; lastKnownFileType = sourcecode.swift; path = ECPoint.swift; sourceTree = "<group>"; };
		E4A0BACCA5BCE62FF66DF8D743B0A1BD /* GemCommonsKit.framework */ = {isa = PBXFileReference; lastKnownFileType = wrapper.framework; path = GemCommonsKit.framework; sourceTree = "<group>"; };
		E685F86D48314A60B0354879E61031A8 /* HealthCardControlKit.framework */ = {isa = PBXFileReference; explicitFileType = wrapper.framework; includeInIndex = 0; path = HealthCardControlKit.framework; sourceTree = BUILT_PRODUCTS_DIR; };
		E9670887B1E61223E22651B00FCFFFA4 /* BigInt.framework */ = {isa = PBXFileReference; lastKnownFileType = wrapper.framework; path = BigInt.framework; sourceTree = "<group>"; };
		E9A2306D7A4C68D35933DE9E8B4318DB /* EcdhKeyPair.swift */ = {isa = PBXFileReference; lastKnownFileType = sourcecode.swift; path = EcdhKeyPair.swift; sourceTree = "<group>"; };
		EA9625D92526BDAAB47EC21B1EEE3E14 /* EcdhKeyPairGenerator.swift */ = {isa = PBXFileReference; lastKnownFileType = sourcecode.swift; path = EcdhKeyPairGenerator.swift; sourceTree = "<group>"; };
		F31938CCD5DEB220569FA012C2068A21 /* AESTests.swift */ = {isa = PBXFileReference; lastKnownFileType = sourcecode.swift; path = AESTests.swift; sourceTree = "<group>"; };
		F3FCF8BFBB200451625AC6E40E899DBE /* KeyAgreementTest.swift */ = {isa = PBXFileReference; lastKnownFileType = sourcecode.swift; path = KeyAgreementTest.swift; sourceTree = "<group>"; };
		F561BDC8ADF1D5824722D63AC31F9A49 /* ResponseType+Bytes.swift */ = {isa = PBXFileReference; lastKnownFileType = sourcecode.swift; path = "ResponseType+Bytes.swift"; sourceTree = "<group>"; };
/* End PBXFileReference section */

/* Begin PBXFrameworksBuildPhase section */
		00F89E411F7D16DE8C647B2671505969 /* Frameworks */ = {
			isa = PBXFrameworksBuildPhase;
			buildActionMask = 2147483647;
			files = (
				641EB3EC50D177429A7CBB9FBB24E7F4 /* HealthCardControlKit.framework in Frameworks */,
				8270944B81BB1C674030D8E17C0D74BD /* HealthCardAccessKit.framework in Frameworks */,
				2A68D6B4CFD65DF325718FB0A83F0431 /* CardReaderProviderApi.framework in Frameworks */,
				073DA9007836ED7B0067865353ED06E6 /* CardReaderAccess.framework in Frameworks */,
				368E68C98148D9584AEC9FE048FAB9CE /* Nimble.framework in Frameworks */,
				63656EB3C58C5FBC0751B0CBD72E9B67 /* DataKit.framework in Frameworks */,
				38DC6C164A55A40457742A32D42C8CB2 /* BigInt.framework in Frameworks */,
			);
			runOnlyForDeploymentPostprocessing = 0;
		};
		0D0216F847E9A0F24FDB11A1ABB03D0D /* Frameworks */ = {
			isa = PBXFrameworksBuildPhase;
			buildActionMask = 2147483647;
			files = (
				A6FF029C34DE71C569CBBC8740716A39 /* BigIntExt.framework in Frameworks */,
				8392524B152992B52C2654ED8B1178C7 /* HealthCardAccessKit.framework in Frameworks */,
				08194F0A762835747ACF3DDD490577B0 /* CardReaderProviderApi.framework in Frameworks */,
				FB133A55080EC7E415EC6C41C1AA5FC0 /* CardReaderAccess.framework in Frameworks */,
				B56DBA19436106BB47303AC9C0B5A291 /* GemCommonsKit.framework in Frameworks */,
				076D2E994BA83277C7E5196E083EAA6E /* ASN1Kit.framework in Frameworks */,
				1B724D7549856350BEE6E7083F48D859 /* DataKit.framework in Frameworks */,
				D66F1262E79B3AFA1249D5AA9AE3F9C0 /* BigInt.framework in Frameworks */,
			);
			runOnlyForDeploymentPostprocessing = 0;
		};
		4369C91AEDD560BB7B795003990AF873 /* Frameworks */ = {
			isa = PBXFrameworksBuildPhase;
			buildActionMask = 2147483647;
			files = (
				A13300F4081A6E455FD31FD65F7070EA /* BigInt.framework in Frameworks */,
			);
			runOnlyForDeploymentPostprocessing = 0;
		};
		BD6DAA12E0E36324C747C367AC74F24B /* Frameworks */ = {
			isa = PBXFrameworksBuildPhase;
			buildActionMask = 2147483647;
			files = (
				AA1B75400301687C087F7E1F6C3C5933 /* BigIntExt.framework in Frameworks */,
				E25B89E70F28140E5C0DC6B510EB7B7C /* HealthCardAccessKit.framework in Frameworks */,
				7BB76816B56B79E8E53B101BB8B512AA /* CardReaderProviderApi.framework in Frameworks */,
				AD95B93D3F967BA27DECA7F8416AAAA3 /* CardReaderAccess.framework in Frameworks */,
				13DB0BFD8C2AA74BFE602DA21F5084F5 /* GemCommonsKit.framework in Frameworks */,
				757841B511D9F9229105B0101F01F2C7 /* ASN1Kit.framework in Frameworks */,
				FB5BA7501B8064BE8F06415ECE6D6C8A /* DataKit.framework in Frameworks */,
				A563B60EA9812EBA89324742105D65D5 /* BigInt.framework in Frameworks */,
			);
			runOnlyForDeploymentPostprocessing = 0;
		};
		D51D136347C94BA272B3DBC7D7D38D01 /* Frameworks */ = {
			isa = PBXFrameworksBuildPhase;
			buildActionMask = 2147483647;
			files = (
				927DAE434C998C457999EC3DE0F77A89 /* BigInt.framework in Frameworks */,
			);
			runOnlyForDeploymentPostprocessing = 0;
		};
		D6AFCDF9B9922FA9171CD90CDC3CAA19 /* Frameworks */ = {
			isa = PBXFrameworksBuildPhase;
			buildActionMask = 2147483647;
			files = (
				15D55D10319E1EF5EEBC744682438AB6 /* HealthCardControlKit.framework in Frameworks */,
				36D88DE6B65E38B6E6FF8F43BAB9FCE7 /* HealthCardAccessKit.framework in Frameworks */,
				9972052E5E7E3F4E1EB34316DDBFF3FF /* CardReaderProviderApi.framework in Frameworks */,
				DB6A2A5A9FF81E6979D7D5489EDA3F2F /* CardReaderAccess.framework in Frameworks */,
				C040743D551EEABE66356B4AFEFC97D0 /* Nimble.framework in Frameworks */,
				5E649341A31FFFC4571735031BB55B02 /* DataKit.framework in Frameworks */,
				B87460607F3A5F5B416E17CA6C9AE6C1 /* BigInt.framework in Frameworks */,
			);
			runOnlyForDeploymentPostprocessing = 0;
		};
/* End PBXFrameworksBuildPhase section */

/* Begin PBXGroup section */
		060AF1DCFF25B77D2F13E6B965E49563 /* Operations */ = {
			isa = PBXGroup;
			children = (
				391135395A1CDEB35EA5E6220300244B /* CardChannelType+Version.swift */,
			);
			path = Operations;
			sourceTree = "<group>";
		};
		1CC1141B660ADEA0DEB90D9E94F5192C /* SecureMessaging */ = {
			isa = PBXGroup;
			children = (
				929D6A1C5A069643684D7E50E03147E6 /* AES128PaceKeyTest.swift */,
				A3D33C69B26F7C8EA1C9C3426C5D9915 /* EcdhKeyPairGeneratorTest.swift */,
				F3FCF8BFBB200451625AC6E40E899DBE /* KeyAgreementTest.swift */,
				F561BDC8ADF1D5824722D63AC31F9A49 /* ResponseType+Bytes.swift */,
			);
			path = SecureMessaging;
			sourceTree = "<group>";
		};
		2DBF0F450C1B527953CCC9496ACAD7DA /* iOS */ = {
			isa = PBXGroup;
			children = (
				45CE014CFF6429D48A17521221CFF557 /* ASN1Kit.framework */,
				6521A4F84E1186293EF978E7A0A3FEDB /* BigInt.framework */,
				B2B14A0AF0B7AC5E19C371D9AB79B290 /* CardReaderAccess.framework */,
				7C6759349C4ADA031E8936527842A8C0 /* CardReaderProviderApi.framework */,
				74061A0878FBBAA716AF077ED46ED756 /* DataKit.framework */,
				3F91E9888715C7FDD52EBDA8C2006743 /* GemCommonsKit.framework */,
				BDFDBE5DF38F65A902F32B82514F106E /* HealthCardAccessKit.framework */,
				7EC46D0A6F5AB2DB1F9BBA508DCAF0CE /* Nimble.framework */,
			);
			path = iOS;
			sourceTree = "<group>";
		};
		2F10BB87BFFB725490BCD8B09D3F090A /* Carthage */ = {
			isa = PBXGroup;
			children = (
				2DBF0F450C1B527953CCC9496ACAD7DA /* iOS */,
				BDA77194AD2E5B9C5992F6252ADE5CF3 /* Mac */,
			);
			name = Carthage;
			path = Carthage/Build;
			sourceTree = "<group>";
		};
		307D85C100745F12CE67E2B162B7E436 /* HealthCardControlTests */ = {
			isa = PBXGroup;
			children = (
				5BE49885366A22113FDC12E2045B94B0 /* Resources.bundle */,
				88A5FCD711C16139D0AE245927920880 /* XCTestManifests.swift */,
				87921337E809C44C9A48FA34FDB7766B /* Crypto */,
				1CC1141B660ADEA0DEB90D9E94F5192C /* SecureMessaging */,
			);
			path = HealthCardControlTests;
			sourceTree = "<group>";
		};
		372086CE706DD0E6E8E2DD94A0D4AE21 /* Sources */ = {
			isa = PBXGroup;
			children = (
				ADD45A634C95F99CCD1A543401AC6082 /* HealthCardControl */,
			);
			path = Sources;
			sourceTree = "<group>";
		};
		7B3D7595172D4FD9F3E285C32ADC4FB9 /* Frameworks */ = {
			isa = PBXGroup;
			children = (
				2F10BB87BFFB725490BCD8B09D3F090A /* Carthage */,
			);
			name = Frameworks;
			sourceTree = "<group>";
		};
		8275423EF9B66EC6B641937CBA2EC337 = {
			isa = PBXGroup;
			children = (
				F4CCB415F16F1DFD46590E808B4A7852 /* BigIntExt */,
				372086CE706DD0E6E8E2DD94A0D4AE21 /* Sources */,
				9640AE6B2A1943E4C0D6B589221796B2 /* Tests */,
				7B3D7595172D4FD9F3E285C32ADC4FB9 /* Frameworks */,
				F45E6E0E6954655016D371385288EA75 /* Products */,
			);
			sourceTree = "<group>";
		};
		87921337E809C44C9A48FA34FDB7766B /* Crypto */ = {
			isa = PBXGroup;
			children = (
				F31938CCD5DEB220569FA012C2068A21 /* AESTests.swift */,
				5E63084913AFAD6EF2004BCD0F78A290 /* DataSecureTest.swift */,
				51E1ADB384F3D0ACE4C844F411F46EC4 /* ECPointTest.swift */,
				457683815EE96DE1B8A3941DCB30FE43 /* EllipticCurveTest.swift */,
				1C351779B9A99B591E0385ACBD28F8DD /* KeyDerivationFunctionTest.swift */,
			);
			path = Crypto;
			sourceTree = "<group>";
		};
		9640AE6B2A1943E4C0D6B589221796B2 /* Tests */ = {
			isa = PBXGroup;
			children = (
				307D85C100745F12CE67E2B162B7E436 /* HealthCardControlTests */,
			);
			path = Tests;
			sourceTree = "<group>";
		};
		ADD45A634C95F99CCD1A543401AC6082 /* HealthCardControl */ = {
			isa = PBXGroup;
			children = (
				C9DDD166FC23F4A0F21A71E7CF64B619 /* Crypto */,
				060AF1DCFF25B77D2F13E6B965E49563 /* Operations */,
				CAF89855299C7600B3B2998EE2D9F393 /* SecureMessaging */,
			);
			path = HealthCardControl;
			sourceTree = "<group>";
		};
		BDA77194AD2E5B9C5992F6252ADE5CF3 /* Mac */ = {
			isa = PBXGroup;
			children = (
				9D842F8F03F006E4A77A97E846ACEA19 /* ASN1Kit.framework */,
				E9670887B1E61223E22651B00FCFFFA4 /* BigInt.framework */,
				4DCCDDE8E4D0CFBA21C914A33EBA0E6C /* CardReaderAccess.framework */,
				BD337F8D00F5132D2C3023DE517D4C51 /* CardReaderProviderApi.framework */,
				C81ADBCA1359549848E514D1BBB610E2 /* DataKit.framework */,
				E4A0BACCA5BCE62FF66DF8D743B0A1BD /* GemCommonsKit.framework */,
				828CC75F179F87A8E3A102DF6BEF2B8E /* HealthCardAccessKit.framework */,
				6B6E2886E01B24D67EE309B80ADC36F7 /* Nimble.framework */,
			);
			path = Mac;
			sourceTree = "<group>";
		};
		C9DDD166FC23F4A0F21A71E7CF64B619 /* Crypto */ = {
			isa = PBXGroup;
			children = (
				546DF03F8BF0DEA67B167B1B92E503CB /* AES.swift */,
				88A953827EEB57CFB7F983DB7C69E78E /* Data+Secure.swift */,
				E194E366725CFABE47D541047F631C1D /* ECPoint.swift */,
				50CD43FF055315CA2FCDC4D103ABB5F1 /* EllipticCurve.swift */,
				025D905E08720FEF4C7042E6A0552E10 /* KeyDerivationFunction.swift */,
			);
			path = Crypto;
			sourceTree = "<group>";
		};
		CAF89855299C7600B3B2998EE2D9F393 /* SecureMessaging */ = {
			isa = PBXGroup;
			children = (
				3F8743B902A8560D98E97842687D367A /* AES128PaceKey.swift */,
				B48B1F61D59C2B666C834E6634BF051F /* CardType+SecureMessaging.swift */,
				E9A2306D7A4C68D35933DE9E8B4318DB /* EcdhKeyPair.swift */,
				EA9625D92526BDAAB47EC21B1EEE3E14 /* EcdhKeyPairGenerator.swift */,
				03B6D9D3C840D2C61D5D72C2FA873510 /* HealthCardType+EfCardAccess.swift */,
				D9E16542DDD08B2975BB17F9EFA75D5A /* KeyAgreement.swift */,
				33EB82A626B8C24E04169BB9FBC55866 /* SecureCardChannel.swift */,
				CD6D84FE78EB38F9FD5851072FBC70CE /* SecureHealthCard.swift */,
				0CB1F34574BFA367394CB321233C48A3 /* SecureMessaging.swift */,
			);
			path = SecureMessaging;
			sourceTree = "<group>";
		};
		F45E6E0E6954655016D371385288EA75 /* Products */ = {
			isa = PBXGroup;
			children = (
				3CF2F7D9F64A7838AA1602E66306031A /* BigIntExt.framework */,
				CB46862E71523FBD994EB2CEB818A149 /* BigIntExt.framework */,
				DC09AE02146F93FBF52B2A2A9DEA069B /* HealthCardControlKit.framework */,
				E685F86D48314A60B0354879E61031A8 /* HealthCardControlKit.framework */,
				6113FE854647159C9D20AAEA2BECFFD2 /* HealthCardControlKitTests.xctest */,
				7DA7C4075A79093A2E62D6EB64E203CB /* HealthCardControlKitTests.xctest */,
			);
			name = Products;
			sourceTree = "<group>";
		};
		F4CCB415F16F1DFD46590E808B4A7852 /* BigIntExt */ = {
			isa = PBXGroup;
			children = (
				38F2F06C3A8AD91D44AE074E85378FA3 /* BigInt+DataConversion.swift */,
			);
			name = BigIntExt;
			path = Sources/BigIntExt;
			sourceTree = "<group>";
		};
/* End PBXGroup section */

/* Begin PBXNativeTarget section */
		0DC4BD368E497229FE99435B5289B851 /* HealthCardControlKitTests_iOS */ = {
			isa = PBXNativeTarget;
			buildConfigurationList = 939EA59F72B55F8C585A2A469F612D2B /* Build configuration list for PBXNativeTarget "HealthCardControlKitTests_iOS" */;
			buildPhases = (
				3019D37BDEAA93FD385820525C857355 /* Sources */,
				1B66E1C189C1E1F8140EC71E6689CD39 /* Resources */,
				D6AFCDF9B9922FA9171CD90CDC3CAA19 /* Frameworks */,
				875CBD9FCC44A3BE04159285428960E4 /* Embed Frameworks */,
			);
			buildRules = (
			);
			dependencies = (
				EF1B297A01820B407A8E4A052EB8DE61 /* PBXTargetDependency */,
			);
			name = HealthCardControlKitTests_iOS;
			productName = HealthCardControlKitTests_iOS;
			productReference = 6113FE854647159C9D20AAEA2BECFFD2 /* HealthCardControlKitTests.xctest */;
			productType = "com.apple.product-type.bundle.unit-test";
		};
		0E3DC3955CBC351B672D473F5481949E /* BigIntExt_macOS */ = {
			isa = PBXNativeTarget;
			buildConfigurationList = 21860A10473BD19B1561525AA1562E7F /* Build configuration list for PBXNativeTarget "BigIntExt_macOS" */;
			buildPhases = (
				EEAA163B0BDF087FAD195AD9AECF7B2D /* Sources */,
				D51D136347C94BA272B3DBC7D7D38D01 /* Frameworks */,
			);
			buildRules = (
			);
			dependencies = (
			);
			name = BigIntExt_macOS;
			productName = BigIntExt_macOS;
			productReference = CB46862E71523FBD994EB2CEB818A149 /* BigIntExt.framework */;
			productType = "com.apple.product-type.framework";
		};
		4BEE84822B3D84214F491B0802B57E27 /* HealthCardControlKit_iOS */ = {
			isa = PBXNativeTarget;
			buildConfigurationList = 97B60B2C7B3FB7DED0652E9666D39EF6 /* Build configuration list for PBXNativeTarget "HealthCardControlKit_iOS" */;
			buildPhases = (
				5876B6739F218D2FB7A6BF6C7C5E7CDA /* Sources */,
				BD6DAA12E0E36324C747C367AC74F24B /* Frameworks */,
			);
			buildRules = (
			);
			dependencies = (
				E0B81B1ED782671A14C03D211C9E7638 /* PBXTargetDependency */,
			);
			name = HealthCardControlKit_iOS;
			productName = HealthCardControlKit_iOS;
			productReference = DC09AE02146F93FBF52B2A2A9DEA069B /* HealthCardControlKit.framework */;
			productType = "com.apple.product-type.framework";
		};
		CE7D374ED713B4441D9E7F704B57934B /* HealthCardControlKitTests_macOS */ = {
			isa = PBXNativeTarget;
			buildConfigurationList = D263A7B283E4BC45789862D7E620FBC7 /* Build configuration list for PBXNativeTarget "HealthCardControlKitTests_macOS" */;
			buildPhases = (
				47DDBE2084FEBEE0DB47EA5307A75D5B /* Sources */,
				C42629ACCCD905DFE75C2E56A96C3EA5 /* Resources */,
				00F89E411F7D16DE8C647B2671505969 /* Frameworks */,
				4B0254DDD2029BE60F7BAC295EE93C8D /* Embed Frameworks */,
			);
			buildRules = (
			);
			dependencies = (
				5732609E3294ADADB2AE7C3F7881CDF2 /* PBXTargetDependency */,
			);
			name = HealthCardControlKitTests_macOS;
			productName = HealthCardControlKitTests_macOS;
			productReference = 7DA7C4075A79093A2E62D6EB64E203CB /* HealthCardControlKitTests.xctest */;
			productType = "com.apple.product-type.bundle.unit-test";
		};
		F28C7C304F8FEC2A540D26FBC9FC7CBA /* HealthCardControlKit_macOS */ = {
			isa = PBXNativeTarget;
			buildConfigurationList = 76F0B76ECC8F215E023B96800F329616 /* Build configuration list for PBXNativeTarget "HealthCardControlKit_macOS" */;
			buildPhases = (
				F7B8C9D284ED2FF3C9D4D7D4BA7AF8E8 /* Sources */,
				0D0216F847E9A0F24FDB11A1ABB03D0D /* Frameworks */,
			);
			buildRules = (
			);
			dependencies = (
				00BCE439B8B6781B5F83EB2EDE1E7594 /* PBXTargetDependency */,
			);
			name = HealthCardControlKit_macOS;
			productName = HealthCardControlKit_macOS;
			productReference = E685F86D48314A60B0354879E61031A8 /* HealthCardControlKit.framework */;
			productType = "com.apple.product-type.framework";
		};
		FACE2AB5FF64F9E80B85681B6F6B8686 /* BigIntExt_iOS */ = {
			isa = PBXNativeTarget;
			buildConfigurationList = 4F7B2E1DDBF7E3DCEE9405D996C06E4B /* Build configuration list for PBXNativeTarget "BigIntExt_iOS" */;
			buildPhases = (
				1E74D5FB7B30157FCC72D473F928972A /* Sources */,
				4369C91AEDD560BB7B795003990AF873 /* Frameworks */,
			);
			buildRules = (
			);
			dependencies = (
			);
			name = BigIntExt_iOS;
			productName = BigIntExt_iOS;
			productReference = 3CF2F7D9F64A7838AA1602E66306031A /* BigIntExt.framework */;
			productType = "com.apple.product-type.framework";
		};
/* End PBXNativeTarget section */

/* Begin PBXProject section */
		1967BA3B4D85E51880E660CCF0F0576B /* Project object */ = {
			isa = PBXProject;
			attributes = {
				LastUpgradeCheck = 1000;
				TargetAttributes = {
					0DC4BD368E497229FE99435B5289B851 = {
						DevelopmentTeam = A9FL89PFFL;
					};
					0E3DC3955CBC351B672D473F5481949E = {
						DevelopmentTeam = A9FL89PFFL;
					};
					4BEE84822B3D84214F491B0802B57E27 = {
						DevelopmentTeam = A9FL89PFFL;
					};
					CE7D374ED713B4441D9E7F704B57934B = {
						DevelopmentTeam = A9FL89PFFL;
					};
					F28C7C304F8FEC2A540D26FBC9FC7CBA = {
						DevelopmentTeam = A9FL89PFFL;
					};
					FACE2AB5FF64F9E80B85681B6F6B8686 = {
						DevelopmentTeam = A9FL89PFFL;
					};
				};
			};
			buildConfigurationList = FE9660F04DC0828DB4CFF37C6EC53AC2 /* Build configuration list for PBXProject "HealthCardControlKit" */;
			compatibilityVersion = "Xcode 9.3";
			developmentRegion = en;
			hasScannedForEncodings = 0;
			knownRegions = (
				en,
			);
			mainGroup = 8275423EF9B66EC6B641937CBA2EC337;
			projectDirPath = "";
			projectRoot = "";
			targets = (
				FACE2AB5FF64F9E80B85681B6F6B8686 /* BigIntExt_iOS */,
				0E3DC3955CBC351B672D473F5481949E /* BigIntExt_macOS */,
				0DC4BD368E497229FE99435B5289B851 /* HealthCardControlKitTests_iOS */,
				CE7D374ED713B4441D9E7F704B57934B /* HealthCardControlKitTests_macOS */,
				4BEE84822B3D84214F491B0802B57E27 /* HealthCardControlKit_iOS */,
				F28C7C304F8FEC2A540D26FBC9FC7CBA /* HealthCardControlKit_macOS */,
			);
		};
/* End PBXProject section */

/* Begin PBXResourcesBuildPhase section */
		1B66E1C189C1E1F8140EC71E6689CD39 /* Resources */ = {
			isa = PBXResourcesBuildPhase;
			buildActionMask = 2147483647;
			files = (
				33D5C95CDDBF6757BB106AA0C3C42826 /* Resources.bundle in Resources */,
			);
			runOnlyForDeploymentPostprocessing = 0;
		};
		C42629ACCCD905DFE75C2E56A96C3EA5 /* Resources */ = {
			isa = PBXResourcesBuildPhase;
			buildActionMask = 2147483647;
			files = (
				12A82682C27B49AD4509349A4A8018D9 /* Resources.bundle in Resources */,
			);
			runOnlyForDeploymentPostprocessing = 0;
		};
/* End PBXResourcesBuildPhase section */

/* Begin PBXSourcesBuildPhase section */
		1E74D5FB7B30157FCC72D473F928972A /* Sources */ = {
			isa = PBXSourcesBuildPhase;
			buildActionMask = 2147483647;
			files = (
				6A2E41CEA8D2023613492E4F86C9AC5E /* BigInt+DataConversion.swift in Sources */,
			);
			runOnlyForDeploymentPostprocessing = 0;
		};
		3019D37BDEAA93FD385820525C857355 /* Sources */ = {
			isa = PBXSourcesBuildPhase;
			buildActionMask = 2147483647;
			files = (
				91A9620FE760A519344C360A97862288 /* AES128PaceKeyTest.swift in Sources */,
				371C6175DDAF2DB9F53EF50FC20EE179 /* AESTests.swift in Sources */,
				AEE2385D5F8FA9308DE60C52B7CBEC87 /* DataSecureTest.swift in Sources */,
				382E51CF0CA6E0335A7FE130C10153ED /* ECPointTest.swift in Sources */,
				9A9D9D71673FFBCDDE15755DF8593790 /* EcdhKeyPairGeneratorTest.swift in Sources */,
				60A0F34AF84519099AA965868C80F46F /* EllipticCurveTest.swift in Sources */,
				516BF59EEC23F1441E3CFA1EB78F9F10 /* KeyAgreementTest.swift in Sources */,
				E37B688D7913A5CC6DF46ABAF423CA0D /* KeyDerivationFunctionTest.swift in Sources */,
				358761623B3EE5943F43E29BBD6EF001 /* ResponseType+Bytes.swift in Sources */,
				E7709D638F7BEC0416B2A0756CEA3DEB /* XCTestManifests.swift in Sources */,
			);
			runOnlyForDeploymentPostprocessing = 0;
		};
		47DDBE2084FEBEE0DB47EA5307A75D5B /* Sources */ = {
			isa = PBXSourcesBuildPhase;
			buildActionMask = 2147483647;
			files = (
				A7CAAC785901B65A8E1677FE4EA94E6F /* AES128PaceKeyTest.swift in Sources */,
				A71FA6DA1DA5199592A2A8AD48EBB0AF /* AESTests.swift in Sources */,
				CBFC14304FE2D4441823B91584019538 /* DataSecureTest.swift in Sources */,
				55164B580D8A8CE37826739474C03E87 /* ECPointTest.swift in Sources */,
				5AA2152E2B27CC787639095D5EF993CB /* EcdhKeyPairGeneratorTest.swift in Sources */,
				E892BFCA4D4A65522480A4C55C7B2262 /* EllipticCurveTest.swift in Sources */,
				01CCDDDF80F308C40D0546465F2A0779 /* KeyAgreementTest.swift in Sources */,
				BA0B3F626B2BF49112D0752FD70BB9FA /* KeyDerivationFunctionTest.swift in Sources */,
				25F5511FC18F008F94FE06989F8C8EA0 /* ResponseType+Bytes.swift in Sources */,
				BF207BDD025443BC85F68D194F7FD422 /* XCTestManifests.swift in Sources */,
			);
			runOnlyForDeploymentPostprocessing = 0;
		};
		5876B6739F218D2FB7A6BF6C7C5E7CDA /* Sources */ = {
			isa = PBXSourcesBuildPhase;
			buildActionMask = 2147483647;
			files = (
				B365E05746357ED0030C3E6BB2AACD28 /* AES.swift in Sources */,
				4CA183E977DFB927E1A95B51C456515F /* AES128PaceKey.swift in Sources */,
				C944CFB7D9E042B84627B46DDA3DCD28 /* CardChannelType+Version.swift in Sources */,
				FD767AA0B48BA5725BE67076A494B407 /* CardType+SecureMessaging.swift in Sources */,
				1A9F9841D45663D4F754A3CBDFADCFB5 /* Data+Secure.swift in Sources */,
				B2BD3D489ABA489066BF448062A8D5C0 /* ECPoint.swift in Sources */,
				7C13AD08978F35538E107457B48461B6 /* EcdhKeyPair.swift in Sources */,
				A1869168C8C2C75BA85A295AD75AF079 /* EcdhKeyPairGenerator.swift in Sources */,
				2E56EFE4145E7C9F901665135F12EA9D /* EllipticCurve.swift in Sources */,
				90A89A67495A067CD218DDBC5C203D05 /* HealthCardType+EfCardAccess.swift in Sources */,
				88830E69B164174184FB74A46D81571A /* KeyAgreement.swift in Sources */,
				CE7308792AE063971D3299303BB56AA8 /* KeyDerivationFunction.swift in Sources */,
				2E3E473CC11C53B7C37AB1811092E149 /* SecureCardChannel.swift in Sources */,
				6A414300F1C43848311DBD0783CBFC9A /* SecureHealthCard.swift in Sources */,
				F40496B1AFD85AD935FD98773E9DD469 /* SecureMessaging.swift in Sources */,
			);
			runOnlyForDeploymentPostprocessing = 0;
		};
		EEAA163B0BDF087FAD195AD9AECF7B2D /* Sources */ = {
			isa = PBXSourcesBuildPhase;
			buildActionMask = 2147483647;
			files = (
				5E8FAC819B1865C491A00E3016D248FC /* BigInt+DataConversion.swift in Sources */,
			);
			runOnlyForDeploymentPostprocessing = 0;
		};
		F7B8C9D284ED2FF3C9D4D7D4BA7AF8E8 /* Sources */ = {
			isa = PBXSourcesBuildPhase;
			buildActionMask = 2147483647;
			files = (
				BD34F7275C2D49416066CE3A8D4D1BD6 /* AES.swift in Sources */,
				C9765CD677C8224C584EB9C09EADA55E /* AES128PaceKey.swift in Sources */,
				3ECBA5730BB8B7EE50731AEB04AA893C /* CardChannelType+Version.swift in Sources */,
				5045F0F80EAB68F01EFC8457A841613A /* CardType+SecureMessaging.swift in Sources */,
				A8A10D10257D7665D35ED5F5C18B120A /* Data+Secure.swift in Sources */,
				9CEC2DE301E95AA088C815071F196353 /* ECPoint.swift in Sources */,
				91DD841A329E2326387AA9235E1AAC6C /* EcdhKeyPair.swift in Sources */,
				BA3CE30667F5536875FC5BBDF3D0DE51 /* EcdhKeyPairGenerator.swift in Sources */,
				12DC1BC6B5C85EF5E24B6DA8DE6D3C90 /* EllipticCurve.swift in Sources */,
				6B101542C3E6A21EE3759D0B21663D21 /* HealthCardType+EfCardAccess.swift in Sources */,
				EE1CAA767D5F955A2DE2922DD3C6AD26 /* KeyAgreement.swift in Sources */,
				3DC95A9D1AC20DD4BF8AB16483444E2F /* KeyDerivationFunction.swift in Sources */,
				496200680885798723458EF7C09370DE /* SecureCardChannel.swift in Sources */,
				72AFD53FC1E8C33ED1324020A3A30695 /* SecureHealthCard.swift in Sources */,
				A3B0EE26BD66774900B7B2137C10AED5 /* SecureMessaging.swift in Sources */,
			);
			runOnlyForDeploymentPostprocessing = 0;
		};
/* End PBXSourcesBuildPhase section */

/* Begin PBXTargetDependency section */
		00BCE439B8B6781B5F83EB2EDE1E7594 /* PBXTargetDependency */ = {
			isa = PBXTargetDependency;
			target = 0E3DC3955CBC351B672D473F5481949E /* BigIntExt_macOS */;
			targetProxy = FBDB642D7231C5BDDFC47608644ED3AE /* PBXContainerItemProxy */;
		};
		5732609E3294ADADB2AE7C3F7881CDF2 /* PBXTargetDependency */ = {
			isa = PBXTargetDependency;
			target = F28C7C304F8FEC2A540D26FBC9FC7CBA /* HealthCardControlKit_macOS */;
			targetProxy = F2936CA11ABAA7C33FF528CA0E8F2611 /* PBXContainerItemProxy */;
		};
		E0B81B1ED782671A14C03D211C9E7638 /* PBXTargetDependency */ = {
			isa = PBXTargetDependency;
			target = FACE2AB5FF64F9E80B85681B6F6B8686 /* BigIntExt_iOS */;
			targetProxy = 7DC0ADB23CAAB495E8F059CE63F0A1D9 /* PBXContainerItemProxy */;
		};
		EF1B297A01820B407A8E4A052EB8DE61 /* PBXTargetDependency */ = {
			isa = PBXTargetDependency;
			target = 4BEE84822B3D84214F491B0802B57E27 /* HealthCardControlKit_iOS */;
			targetProxy = 1EF9830F3A79DBAC69597594F7A9171D /* PBXContainerItemProxy */;
		};
/* End PBXTargetDependency section */

/* Begin XCBuildConfiguration section */
		2C2CA12871A53EC3F32C780D8CA59154 /* Debug */ = {
			isa = XCBuildConfiguration;
			buildSettings = {
				CODE_SIGN_IDENTITY = "";
				CURRENT_PROJECT_VERSION = 1;
				DEFINES_MODULE = YES;
				DYLIB_COMPATIBILITY_VERSION = 1;
				DYLIB_CURRENT_VERSION = 1;
				DYLIB_INSTALL_NAME_BASE = "@rpath";
				FRAMEWORK_SEARCH_PATHS = (
					"$(inherited)",
					"$(PROJECT_DIR)/Carthage/Build/iOS",
				);
				INFOPLIST_FILE = DerivedData/BigIntExt/Info.plist;
				INSTALL_PATH = "$(LOCAL_LIBRARY_DIR)/Frameworks";
				LD_RUNPATH_SEARCH_PATHS = "$(inherited) @executable_path/Frameworks";
				PRODUCT_BUNDLE_IDENTIFIER = "de.gematik.ti.healthcardcontrol.BigIntExt-iOS";
				PRODUCT_NAME = BigIntExt;
				SDKROOT = iphoneos;
				SKIP_INSTALL = YES;
				TARGETED_DEVICE_FAMILY = "1,2";
				VERSIONING_SYSTEM = "apple-generic";
			};
			name = Debug;
		};
		2E1100ECE4F62DD44311698509502A63 /* Release */ = {
			isa = XCBuildConfiguration;
			buildSettings = {
				CODE_SIGN_IDENTITY = "";
				CURRENT_PROJECT_VERSION = 1;
				DEFINES_MODULE = YES;
				DYLIB_COMPATIBILITY_VERSION = 1;
				DYLIB_CURRENT_VERSION = 1;
				DYLIB_INSTALL_NAME_BASE = "@rpath";
				FRAMEWORK_SEARCH_PATHS = (
					"$(inherited)",
					"$(PROJECT_DIR)/Carthage/Build/iOS",
				);
				INFOPLIST_FILE = DerivedData/BigIntExt/Info.plist;
				INSTALL_PATH = "$(LOCAL_LIBRARY_DIR)/Frameworks";
				LD_RUNPATH_SEARCH_PATHS = "$(inherited) @executable_path/Frameworks";
				PRODUCT_BUNDLE_IDENTIFIER = "de.gematik.ti.healthcardcontrol.BigIntExt-iOS";
				PRODUCT_NAME = BigIntExt;
				SDKROOT = iphoneos;
				SKIP_INSTALL = YES;
				TARGETED_DEVICE_FAMILY = "1,2";
				VERSIONING_SYSTEM = "apple-generic";
			};
			name = Release;
		};
		305A5A6A756656797A9C376AC63DCC01 /* Release */ = {
			isa = XCBuildConfiguration;
			buildSettings = {
				BUNDLE_LOADER = "$(TEST_HOST)";
				FRAMEWORK_SEARCH_PATHS = (
					"$(inherited)",
					"$(PROJECT_DIR)/Carthage/Build/iOS",
				);
				LD_RUNPATH_SEARCH_PATHS = "$(inherited) @executable_path/Frameworks @loader_path/Frameworks";
				PRODUCT_BUNDLE_IDENTIFIER = "de.gematik.ti.healthcardcontrol.HealthCardControlKitTests-iOS";
				PRODUCT_NAME = HealthCardControlKitTests;
				SDKROOT = iphoneos;
				TARGETED_DEVICE_FAMILY = "1,2";
			};
			name = Release;
		};
		34480DAB36011CEA7CA562496519E003 /* Release */ = {
			isa = XCBuildConfiguration;
			buildSettings = {
				ALWAYS_SEARCH_USER_PATHS = NO;
				CLANG_ANALYZER_NONNULL = YES;
				CLANG_ANALYZER_NUMBER_OBJECT_CONVERSION = YES_AGGRESSIVE;
				CLANG_CXX_LANGUAGE_STANDARD = "gnu++14";
				CLANG_CXX_LIBRARY = "libc++";
				CLANG_ENABLE_MODULES = YES;
				CLANG_ENABLE_OBJC_ARC = YES;
				CLANG_WARN_BLOCK_CAPTURE_AUTORELEASING = YES;
				CLANG_WARN_BOOL_CONVERSION = YES;
				CLANG_WARN_COMMA = YES;
				CLANG_WARN_CONSTANT_CONVERSION = YES;
				CLANG_WARN_DEPRECATED_OBJC_IMPLEMENTATIONS = YES;
				CLANG_WARN_DIRECT_OBJC_ISA_USAGE = YES_ERROR;
				CLANG_WARN_DOCUMENTATION_COMMENTS = YES;
				CLANG_WARN_EMPTY_BODY = YES;
				CLANG_WARN_ENUM_CONVERSION = YES;
				CLANG_WARN_INFINITE_RECURSION = YES;
				CLANG_WARN_INT_CONVERSION = YES;
				CLANG_WARN_NON_LITERAL_NULL_CONVERSION = YES;
				CLANG_WARN_OBJC_IMPLICIT_RETAIN_SELF = YES;
				CLANG_WARN_OBJC_LITERAL_CONVERSION = YES;
				CLANG_WARN_OBJC_ROOT_CLASS = YES_ERROR;
				CLANG_WARN_RANGE_LOOP_ANALYSIS = YES;
				CLANG_WARN_STRICT_PROTOTYPES = YES;
				CLANG_WARN_SUSPICIOUS_MOVE = YES;
				CLANG_WARN_UNGUARDED_AVAILABILITY = YES_AGGRESSIVE;
				CLANG_WARN_UNREACHABLE_CODE = YES;
				CLANG_WARN__DUPLICATE_METHOD_MATCH = YES;
				CODE_SIGN_IDENTITY = "";
				COPY_PHASE_STRIP = NO;
				DEBUG_INFORMATION_FORMAT = "dwarf-with-dsym";
				DEVELOPMENT_TEAM = A9FL89PFFL;
				ENABLE_NS_ASSERTIONS = NO;
				ENABLE_STRICT_OBJC_MSGSEND = YES;
				FRAMEWORK_SEARCH_PATHS = "$(inherited)";
				GCC_C_LANGUAGE_STANDARD = gnu11;
				GCC_NO_COMMON_BLOCKS = YES;
				GCC_WARN_64_TO_32_BIT_CONVERSION = YES;
				GCC_WARN_ABOUT_RETURN_TYPE = YES_ERROR;
				GCC_WARN_UNDECLARED_SELECTOR = YES;
				GCC_WARN_UNINITIALIZED_AUTOS = YES_AGGRESSIVE;
				GCC_WARN_UNUSED_FUNCTION = YES;
				GCC_WARN_UNUSED_VARIABLE = YES;
				IPHONEOS_DEPLOYMENT_TARGET = 12.1;
				MACOSX_DEPLOYMENT_TARGET = 10.12;
				PRODUCT_NAME = "$(TARGET_NAME)";
				SWIFT_COMPILATION_MODE = wholemodule;
				SWIFT_OPTIMIZATION_LEVEL = "-Owholemodule";
				SWIFT_VERSION = 5.0;
				VALIDATE_PRODUCT = YES;
			};
			name = Release;
		};
		523B5A88B4F72A739DFC6D60EA54A4E1 /* Release */ = {
			isa = XCBuildConfiguration;
			buildSettings = {
				BUNDLE_LOADER = "$(TEST_HOST)";
				COMBINE_HIDPI_IMAGES = YES;
				FRAMEWORK_SEARCH_PATHS = (
					"$(inherited)",
					"$(PROJECT_DIR)/Carthage/Build/Mac",
				);
				LD_RUNPATH_SEARCH_PATHS = "$(inherited) @executable_path/../Frameworks @loader_path/../Frameworks";
				PRODUCT_BUNDLE_IDENTIFIER = "de.gematik.ti.healthcardcontrol.HealthCardControlKitTests-macOS";
				PRODUCT_NAME = HealthCardControlKitTests;
				SDKROOT = macosx;
			};
			name = Release;
		};
		6B0EA55CE85F0BB6D225DA986B251885 /* Release */ = {
			isa = XCBuildConfiguration;
			buildSettings = {
				CODE_SIGN_IDENTITY = "";
				CURRENT_PROJECT_VERSION = 1;
				DEFINES_MODULE = YES;
				DYLIB_COMPATIBILITY_VERSION = 1;
				DYLIB_CURRENT_VERSION = 1;
				DYLIB_INSTALL_NAME_BASE = "@rpath";
				FRAMEWORK_SEARCH_PATHS = (
					"$(inherited)",
					"$(PROJECT_DIR)/Carthage/Build/iOS",
				);
				INFOPLIST_FILE = DerivedData/HealthCardControlKit/Info.plist;
				INSTALL_PATH = "$(LOCAL_LIBRARY_DIR)/Frameworks";
				LD_RUNPATH_SEARCH_PATHS = "$(inherited) @executable_path/Frameworks";
				PRODUCT_BUNDLE_IDENTIFIER = "de.gematik.ti.healthcardcontrol.HealthCardControlKit-iOS";
				PRODUCT_NAME = HealthCardControlKit;
				SDKROOT = iphoneos;
				SKIP_INSTALL = YES;
				TARGETED_DEVICE_FAMILY = "1,2";
				VERSIONING_SYSTEM = "apple-generic";
			};
			name = Release;
		};
		6BC02DB69967A9053975907D1F5322E1 /* Release */ = {
			isa = XCBuildConfiguration;
			buildSettings = {
				CODE_SIGN_IDENTITY = "";
				COMBINE_HIDPI_IMAGES = YES;
				CURRENT_PROJECT_VERSION = 1;
				DEFINES_MODULE = YES;
				DYLIB_COMPATIBILITY_VERSION = 1;
				DYLIB_CURRENT_VERSION = 1;
				DYLIB_INSTALL_NAME_BASE = "@rpath";
				FRAMEWORK_SEARCH_PATHS = (
					"$(inherited)",
					"$(PROJECT_DIR)/Carthage/Build/Mac",
				);
				INFOPLIST_FILE = DerivedData/BigIntExt/Info.plist;
				INSTALL_PATH = "$(LOCAL_LIBRARY_DIR)/Frameworks";
				LD_RUNPATH_SEARCH_PATHS = "$(inherited) @executable_path/../Frameworks";
				PRODUCT_BUNDLE_IDENTIFIER = "de.gematik.ti.healthcardcontrol.BigIntExt-macOS";
				PRODUCT_NAME = BigIntExt;
				SDKROOT = macosx;
				SKIP_INSTALL = YES;
				VERSIONING_SYSTEM = "apple-generic";
			};
			name = Release;
		};
		77653EADBABAAA3BB5F5E57DAF00718B /* Release */ = {
			isa = XCBuildConfiguration;
			buildSettings = {
				CODE_SIGN_IDENTITY = "";
				COMBINE_HIDPI_IMAGES = YES;
				CURRENT_PROJECT_VERSION = 1;
				DEFINES_MODULE = YES;
				DYLIB_COMPATIBILITY_VERSION = 1;
				DYLIB_CURRENT_VERSION = 1;
				DYLIB_INSTALL_NAME_BASE = "@rpath";
				FRAMEWORK_SEARCH_PATHS = (
					"$(inherited)",
					"$(PROJECT_DIR)/Carthage/Build/Mac",
				);
				INFOPLIST_FILE = DerivedData/HealthCardControlKit/Info.plist;
				INSTALL_PATH = "$(LOCAL_LIBRARY_DIR)/Frameworks";
				LD_RUNPATH_SEARCH_PATHS = "$(inherited) @executable_path/../Frameworks";
				PRODUCT_BUNDLE_IDENTIFIER = "de.gematik.ti.healthcardcontrol.HealthCardControlKit-macOS";
				PRODUCT_NAME = HealthCardControlKit;
				SDKROOT = macosx;
				SKIP_INSTALL = YES;
				VERSIONING_SYSTEM = "apple-generic";
			};
			name = Release;
		};
		89191EBCC853F7604637ACCAE7F9A340 /* Debug */ = {
			isa = XCBuildConfiguration;
			buildSettings = {
				BUNDLE_LOADER = "$(TEST_HOST)";
				COMBINE_HIDPI_IMAGES = YES;
				FRAMEWORK_SEARCH_PATHS = (
					"$(inherited)",
					"$(PROJECT_DIR)/Carthage/Build/Mac",
				);
				LD_RUNPATH_SEARCH_PATHS = "$(inherited) @executable_path/../Frameworks @loader_path/../Frameworks";
				PRODUCT_BUNDLE_IDENTIFIER = "de.gematik.ti.healthcardcontrol.HealthCardControlKitTests-macOS";
				PRODUCT_NAME = HealthCardControlKitTests;
				SDKROOT = macosx;
			};
			name = Debug;
		};
		98C2305C7967AB729C8DB50D8B90CD75 /* Debug */ = {
			isa = XCBuildConfiguration;
			buildSettings = {
				BUNDLE_LOADER = "$(TEST_HOST)";
				FRAMEWORK_SEARCH_PATHS = (
					"$(inherited)",
					"$(PROJECT_DIR)/Carthage/Build/iOS",
				);
				LD_RUNPATH_SEARCH_PATHS = "$(inherited) @executable_path/Frameworks @loader_path/Frameworks";
				PRODUCT_BUNDLE_IDENTIFIER = "de.gematik.ti.healthcardcontrol.HealthCardControlKitTests-iOS";
				PRODUCT_NAME = HealthCardControlKitTests;
				SDKROOT = iphoneos;
				TARGETED_DEVICE_FAMILY = "1,2";
			};
			name = Debug;
		};
		A353D09DC993D4CD77925986D74C8B5C /* Debug */ = {
			isa = XCBuildConfiguration;
			buildSettings = {
				CODE_SIGN_IDENTITY = "";
				COMBINE_HIDPI_IMAGES = YES;
				CURRENT_PROJECT_VERSION = 1;
				DEFINES_MODULE = YES;
				DYLIB_COMPATIBILITY_VERSION = 1;
				DYLIB_CURRENT_VERSION = 1;
				DYLIB_INSTALL_NAME_BASE = "@rpath";
				FRAMEWORK_SEARCH_PATHS = (
					"$(inherited)",
					"$(PROJECT_DIR)/Carthage/Build/Mac",
				);
				INFOPLIST_FILE = DerivedData/HealthCardControlKit/Info.plist;
				INSTALL_PATH = "$(LOCAL_LIBRARY_DIR)/Frameworks";
				LD_RUNPATH_SEARCH_PATHS = "$(inherited) @executable_path/../Frameworks";
				PRODUCT_BUNDLE_IDENTIFIER = "de.gematik.ti.healthcardcontrol.HealthCardControlKit-macOS";
				PRODUCT_NAME = HealthCardControlKit;
				SDKROOT = macosx;
				SKIP_INSTALL = YES;
				VERSIONING_SYSTEM = "apple-generic";
			};
			name = Debug;
		};
		AEE00596986EF171348F44B2485A6521 /* Debug */ = {
			isa = XCBuildConfiguration;
			buildSettings = {
				CODE_SIGN_IDENTITY = "";
				CURRENT_PROJECT_VERSION = 1;
				DEFINES_MODULE = YES;
				DYLIB_COMPATIBILITY_VERSION = 1;
				DYLIB_CURRENT_VERSION = 1;
				DYLIB_INSTALL_NAME_BASE = "@rpath";
				FRAMEWORK_SEARCH_PATHS = (
					"$(inherited)",
					"$(PROJECT_DIR)/Carthage/Build/iOS",
				);
				INFOPLIST_FILE = DerivedData/HealthCardControlKit/Info.plist;
				INSTALL_PATH = "$(LOCAL_LIBRARY_DIR)/Frameworks";
				LD_RUNPATH_SEARCH_PATHS = "$(inherited) @executable_path/Frameworks";
				PRODUCT_BUNDLE_IDENTIFIER = "de.gematik.ti.healthcardcontrol.HealthCardControlKit-iOS";
				PRODUCT_NAME = HealthCardControlKit;
				SDKROOT = iphoneos;
				SKIP_INSTALL = YES;
				TARGETED_DEVICE_FAMILY = "1,2";
				VERSIONING_SYSTEM = "apple-generic";
			};
			name = Debug;
		};
		E147DEAC6F2CB7BE15BBE9A6942878B9 /* Debug */ = {
			isa = XCBuildConfiguration;
			buildSettings = {
				CODE_SIGN_IDENTITY = "";
				COMBINE_HIDPI_IMAGES = YES;
				CURRENT_PROJECT_VERSION = 1;
				DEFINES_MODULE = YES;
				DYLIB_COMPATIBILITY_VERSION = 1;
				DYLIB_CURRENT_VERSION = 1;
				DYLIB_INSTALL_NAME_BASE = "@rpath";
				FRAMEWORK_SEARCH_PATHS = (
					"$(inherited)",
					"$(PROJECT_DIR)/Carthage/Build/Mac",
				);
				INFOPLIST_FILE = DerivedData/BigIntExt/Info.plist;
				INSTALL_PATH = "$(LOCAL_LIBRARY_DIR)/Frameworks";
				LD_RUNPATH_SEARCH_PATHS = "$(inherited) @executable_path/../Frameworks";
				PRODUCT_BUNDLE_IDENTIFIER = "de.gematik.ti.healthcardcontrol.BigIntExt-macOS";
				PRODUCT_NAME = BigIntExt;
				SDKROOT = macosx;
				SKIP_INSTALL = YES;
				VERSIONING_SYSTEM = "apple-generic";
			};
			name = Debug;
		};
		EA8055BF4544CE02740D42B23A2A734E /* Debug */ = {
			isa = XCBuildConfiguration;
			buildSettings = {
				ALWAYS_SEARCH_USER_PATHS = NO;
				CLANG_ANALYZER_NONNULL = YES;
				CLANG_ANALYZER_NUMBER_OBJECT_CONVERSION = YES_AGGRESSIVE;
				CLANG_CXX_LANGUAGE_STANDARD = "gnu++14";
				CLANG_CXX_LIBRARY = "libc++";
				CLANG_ENABLE_MODULES = YES;
				CLANG_ENABLE_OBJC_ARC = YES;
				CLANG_WARN_BLOCK_CAPTURE_AUTORELEASING = YES;
				CLANG_WARN_BOOL_CONVERSION = YES;
				CLANG_WARN_COMMA = YES;
				CLANG_WARN_CONSTANT_CONVERSION = YES;
				CLANG_WARN_DEPRECATED_OBJC_IMPLEMENTATIONS = YES;
				CLANG_WARN_DIRECT_OBJC_ISA_USAGE = YES_ERROR;
				CLANG_WARN_DOCUMENTATION_COMMENTS = YES;
				CLANG_WARN_EMPTY_BODY = YES;
				CLANG_WARN_ENUM_CONVERSION = YES;
				CLANG_WARN_INFINITE_RECURSION = YES;
				CLANG_WARN_INT_CONVERSION = YES;
				CLANG_WARN_NON_LITERAL_NULL_CONVERSION = YES;
				CLANG_WARN_OBJC_IMPLICIT_RETAIN_SELF = YES;
				CLANG_WARN_OBJC_LITERAL_CONVERSION = YES;
				CLANG_WARN_OBJC_ROOT_CLASS = YES_ERROR;
				CLANG_WARN_RANGE_LOOP_ANALYSIS = YES;
				CLANG_WARN_STRICT_PROTOTYPES = YES;
				CLANG_WARN_SUSPICIOUS_MOVE = YES;
				CLANG_WARN_UNGUARDED_AVAILABILITY = YES_AGGRESSIVE;
				CLANG_WARN_UNREACHABLE_CODE = YES;
				CLANG_WARN__DUPLICATE_METHOD_MATCH = YES;
				CODE_SIGN_IDENTITY = "";
				COPY_PHASE_STRIP = NO;
				DEBUG_INFORMATION_FORMAT = dwarf;
				DEVELOPMENT_TEAM = A9FL89PFFL;
				ENABLE_STRICT_OBJC_MSGSEND = YES;
				ENABLE_TESTABILITY = YES;
				FRAMEWORK_SEARCH_PATHS = "$(inherited)";
				GCC_C_LANGUAGE_STANDARD = gnu11;
				GCC_DYNAMIC_NO_PIC = NO;
				GCC_NO_COMMON_BLOCKS = YES;
				GCC_OPTIMIZATION_LEVEL = 0;
				GCC_PREPROCESSOR_DEFINITIONS = (
					"$(inherited)",
					"DEBUG=1",
				);
				GCC_WARN_64_TO_32_BIT_CONVERSION = YES;
				GCC_WARN_ABOUT_RETURN_TYPE = YES_ERROR;
				GCC_WARN_UNDECLARED_SELECTOR = YES;
				GCC_WARN_UNINITIALIZED_AUTOS = YES_AGGRESSIVE;
				GCC_WARN_UNUSED_FUNCTION = YES;
				GCC_WARN_UNUSED_VARIABLE = YES;
				IPHONEOS_DEPLOYMENT_TARGET = 12.1;
				MACOSX_DEPLOYMENT_TARGET = 10.12;
				MTL_ENABLE_DEBUG_INFO = YES;
				ONLY_ACTIVE_ARCH = YES;
				PRODUCT_NAME = "$(TARGET_NAME)";
				SWIFT_ACTIVE_COMPILATION_CONDITIONS = DEBUG;
				SWIFT_COMPILATION_MODE = incremental;
				SWIFT_OPTIMIZATION_LEVEL = "-Onone";
				SWIFT_VERSION = 5.0;
			};
			name = Debug;
		};
/* End XCBuildConfiguration section */

/* Begin XCConfigurationList section */
		21860A10473BD19B1561525AA1562E7F /* Build configuration list for PBXNativeTarget "BigIntExt_macOS" */ = {
			isa = XCConfigurationList;
			buildConfigurations = (
				E147DEAC6F2CB7BE15BBE9A6942878B9 /* Debug */,
				6BC02DB69967A9053975907D1F5322E1 /* Release */,
			);
			defaultConfigurationIsVisible = 0;
			defaultConfigurationName = "";
		};
		4F7B2E1DDBF7E3DCEE9405D996C06E4B /* Build configuration list for PBXNativeTarget "BigIntExt_iOS" */ = {
			isa = XCConfigurationList;
			buildConfigurations = (
				2C2CA12871A53EC3F32C780D8CA59154 /* Debug */,
				2E1100ECE4F62DD44311698509502A63 /* Release */,
			);
			defaultConfigurationIsVisible = 0;
			defaultConfigurationName = "";
		};
		76F0B76ECC8F215E023B96800F329616 /* Build configuration list for PBXNativeTarget "HealthCardControlKit_macOS" */ = {
			isa = XCConfigurationList;
			buildConfigurations = (
				A353D09DC993D4CD77925986D74C8B5C /* Debug */,
				77653EADBABAAA3BB5F5E57DAF00718B /* Release */,
			);
			defaultConfigurationIsVisible = 0;
			defaultConfigurationName = "";
		};
		939EA59F72B55F8C585A2A469F612D2B /* Build configuration list for PBXNativeTarget "HealthCardControlKitTests_iOS" */ = {
			isa = XCConfigurationList;
			buildConfigurations = (
				98C2305C7967AB729C8DB50D8B90CD75 /* Debug */,
				305A5A6A756656797A9C376AC63DCC01 /* Release */,
			);
			defaultConfigurationIsVisible = 0;
			defaultConfigurationName = "";
		};
		97B60B2C7B3FB7DED0652E9666D39EF6 /* Build configuration list for PBXNativeTarget "HealthCardControlKit_iOS" */ = {
			isa = XCConfigurationList;
			buildConfigurations = (
				AEE00596986EF171348F44B2485A6521 /* Debug */,
				6B0EA55CE85F0BB6D225DA986B251885 /* Release */,
			);
			defaultConfigurationIsVisible = 0;
			defaultConfigurationName = "";
		};
		D263A7B283E4BC45789862D7E620FBC7 /* Build configuration list for PBXNativeTarget "HealthCardControlKitTests_macOS" */ = {
			isa = XCConfigurationList;
			buildConfigurations = (
				89191EBCC853F7604637ACCAE7F9A340 /* Debug */,
				523B5A88B4F72A739DFC6D60EA54A4E1 /* Release */,
			);
			defaultConfigurationIsVisible = 0;
			defaultConfigurationName = "";
		};
		FE9660F04DC0828DB4CFF37C6EC53AC2 /* Build configuration list for PBXProject "HealthCardControlKit" */ = {
			isa = XCConfigurationList;
			buildConfigurations = (
				EA8055BF4544CE02740D42B23A2A734E /* Debug */,
				34480DAB36011CEA7CA562496519E003 /* Release */,
			);
			defaultConfigurationIsVisible = 0;
			defaultConfigurationName = Debug;
		};
/* End XCConfigurationList section */
	};
	rootObject = 1967BA3B4D85E51880E660CCF0F0576B /* Project object */;
}
